// !$*UTF8*$!
{
	archiveVersion = 1;
	classes = {
	};
	objectVersion = 42;
	objects = {

/* Begin PBXBuildFile section */
		8D0C4E8D0486CD37000505A6 /* InfoPlist.strings in Resources */ = {isa = PBXBuildFile; fileRef = 0867D6AAFE840B52C02AAC07 /* InfoPlist.strings */; };
		8D0C4E8E0486CD37000505A6 /* main.nib in Resources */ = {isa = PBXBuildFile; fileRef = 02345980000FD03B11CA0E72 /* main.nib */; };
		8D0C4E920486CD37000505A6 /* Carbon.framework in Frameworks */ = {isa = PBXBuildFile; fileRef = 20286C33FDCF999611CA2CEA /* Carbon.framework */; };
		AA0A08B4108683F8002CE46E /* dec_mp3.cpp in Sources */ = {isa = PBXBuildFile; fileRef = AA0A08B2108683F8002CE46E /* dec_mp3.cpp */; };
		AA0A08CB10868405002CE46E /* bitwindow.cc in Sources */ = {isa = PBXBuildFile; fileRef = AA0A08B710868405002CE46E /* bitwindow.cc */; };
		AA0A08CD10868405002CE46E /* fileinput.cc in Sources */ = {isa = PBXBuildFile; fileRef = AA0A08B910868405002CE46E /* fileinput.cc */; };
		AA0A08CE10868405002CE46E /* fileplayer.cc in Sources */ = {isa = PBXBuildFile; fileRef = AA0A08BA10868405002CE46E /* fileplayer.cc */; };
		AA0A08CF10868405002CE46E /* filter.cc in Sources */ = {isa = PBXBuildFile; fileRef = AA0A08BB10868405002CE46E /* filter.cc */; };
		AA0A08D010868405002CE46E /* filter_2.cc in Sources */ = {isa = PBXBuildFile; fileRef = AA0A08BC10868405002CE46E /* filter_2.cc */; };
		AA0A08D110868405002CE46E /* httpinput.cc in Sources */ = {isa = PBXBuildFile; fileRef = AA0A08BD10868405002CE46E /* httpinput.cc */; };
		AA0A08D210868405002CE46E /* huffmantable.cc in Sources */ = {isa = PBXBuildFile; fileRef = AA0A08BE10868405002CE46E /* huffmantable.cc */; };
		AA0A08D410868405002CE46E /* mpeglayer1.cc in Sources */ = {isa = PBXBuildFile; fileRef = AA0A08C010868405002CE46E /* mpeglayer1.cc */; };
		AA0A08D510868405002CE46E /* mpeglayer2.cc in Sources */ = {isa = PBXBuildFile; fileRef = AA0A08C110868405002CE46E /* mpeglayer2.cc */; };
		AA0A08D610868405002CE46E /* mpeglayer3.cc in Sources */ = {isa = PBXBuildFile; fileRef = AA0A08C210868405002CE46E /* mpeglayer3.cc */; };
		AA0A08D710868405002CE46E /* mpegtable.cc in Sources */ = {isa = PBXBuildFile; fileRef = AA0A08C510868405002CE46E /* mpegtable.cc */; };
		AA0A08D810868405002CE46E /* mpegtoraw.cc in Sources */ = {isa = PBXBuildFile; fileRef = AA0A08C610868405002CE46E /* mpegtoraw.cc */; };
		AA0A08DA10868405002CE46E /* soundinputstream.cc in Sources */ = {isa = PBXBuildFile; fileRef = AA0A08C810868405002CE46E /* soundinputstream.cc */; };
		AA0A08DB10868405002CE46E /* soundplayer.cc in Sources */ = {isa = PBXBuildFile; fileRef = AA0A08C910868405002CE46E /* soundplayer.cc */; };
		AA15AF5F0839586700530BBD /* playlist_manager.cpp in Sources */ = {isa = PBXBuildFile; fileRef = AA15AF5E0839586700530BBD /* playlist_manager.cpp */; };
		AA28B6DD10866A9F00541BE0 /* lame_wrap.cpp in Sources */ = {isa = PBXBuildFile; fileRef = AA28B6DB10866A9F00541BE0 /* lame_wrap.cpp */; };
		AA3FCC3E07FCDD370061F816 /* carbon_gui.cpp in Sources */ = {isa = PBXBuildFile; fileRef = AA3FCC3C07FCDD370061F816 /* carbon_gui.cpp */; };
		AA3FD79807FCE13E0061F816 /* audioproc.cpp in Sources */ = {isa = PBXBuildFile; fileRef = AA3FD4DD07FCE13D0061F816 /* audioproc.cpp */; };
		AA3FD79B07FCE13E0061F816 /* dec_jack.cpp in Sources */ = {isa = PBXBuildFile; fileRef = AA3FD4E007FCE13D0061F816 /* dec_jack.cpp */; };
		AA3FD7A107FCE13E0061F816 /* dec_ogg.cpp in Sources */ = {isa = PBXBuildFile; fileRef = AA3FD4E607FCE13D0061F816 /* dec_ogg.cpp */; };
		AA3FD7A407FCE13E0061F816 /* dec_snd.cpp in Sources */ = {isa = PBXBuildFile; fileRef = AA3FD4E907FCE13D0061F816 /* dec_snd.cpp */; };
		AA3FD7A707FCE13E0061F816 /* decoder.cpp in Sources */ = {isa = PBXBuildFile; fileRef = AA3FD4EC07FCE13D0061F816 /* decoder.cpp */; };
		AA3FD7AA07FCE13E0061F816 /* dev_sound.cpp in Sources */ = {isa = PBXBuildFile; fileRef = AA3FD4EF07FCE13D0061F816 /* dev_sound.cpp */; };
		AA3FD88507FCE1400061F816 /* gui.cpp in Sources */ = {isa = PBXBuildFile; fileRef = AA3FD5D207FCE13D0061F816 /* gui.cpp */; };
		AA3FD88807FCE1400061F816 /* httpstream.cpp in Sources */ = {isa = PBXBuildFile; fileRef = AA3FD5D507FCE13D0061F816 /* httpstream.cpp */; };
		AA3FD88B07FCE1400061F816 /* inchannels.cpp in Sources */ = {isa = PBXBuildFile; fileRef = AA3FD5D807FCE13D0061F816 /* inchannels.cpp */; };
		AA3FD88E07FCE1400061F816 /* jmixer.cpp in Sources */ = {isa = PBXBuildFile; fileRef = AA3FD5DB07FCE13D0061F816 /* jmixer.cpp */; };
		AA3FD89107FCE1400061F816 /* jutils.cpp in Sources */ = {isa = PBXBuildFile; fileRef = AA3FD5DE07FCE13D0061F816 /* jutils.cpp */; };
		AA3FD8C507FCE1400061F816 /* linklist.cpp in Sources */ = {isa = PBXBuildFile; fileRef = AA3FD61407FCE13D0061F816 /* linklist.cpp */; };
		AA3FD8CC07FCE1400061F816 /* muse.cpp in Sources */ = {isa = PBXBuildFile; fileRef = AA3FD61B07FCE13D0061F816 /* muse.cpp */; };
		AA3FD99907FCE1410061F816 /* out_lame.cpp in Sources */ = {isa = PBXBuildFile; fileRef = AA3FD6ED07FCE13D0061F816 /* out_lame.cpp */; };
		AA3FD99C07FCE1410061F816 /* out_vorbis.cpp in Sources */ = {isa = PBXBuildFile; fileRef = AA3FD6F007FCE13D0061F816 /* out_vorbis.cpp */; };
		AA3FD99F07FCE1410061F816 /* outchannels.cpp in Sources */ = {isa = PBXBuildFile; fileRef = AA3FD6F307FCE13D0061F816 /* outchannels.cpp */; };
		AA3FD9A307FCE1410061F816 /* pipe.cpp in Sources */ = {isa = PBXBuildFile; fileRef = AA3FD6F707FCE13D0061F816 /* pipe.cpp */; };
		AA3FD9A607FCE1410061F816 /* playlist.cpp in Sources */ = {isa = PBXBuildFile; fileRef = AA3FD6FA07FCE13D0061F816 /* playlist.cpp */; };
		AA3FD9D507FCE1410061F816 /* radiosched.cpp in Sources */ = {isa = PBXBuildFile; fileRef = AA3FD72B07FCE13E0061F816 /* radiosched.cpp */; };
		AA3FDA2207FCE1410061F816 /* shouter.cpp in Sources */ = {isa = PBXBuildFile; fileRef = AA3FD77C07FCE13E0061F816 /* shouter.cpp */; };
		AA3FDA2507FCE1410061F816 /* vumeter.c in Sources */ = {isa = PBXBuildFile; fileRef = AA3FD77F07FCE13E0061F816 /* vumeter.c */; };
		AA4C3A8007FEBC9B00E15170 /* carbon_channel.cpp in Sources */ = {isa = PBXBuildFile; fileRef = AA4C3A7E07FEBC9B00E15170 /* carbon_channel.cpp */; };
		AA50A14509C4DC59000E1CBE /* libSystemStubs.a in Frameworks */ = {isa = PBXBuildFile; fileRef = AA50A14409C4DC59000E1CBE /* libSystemStubs.a */; };
		AA7504BF0AF967A2001B68BB /* open_dialog.c in Sources */ = {isa = PBXBuildFile; fileRef = AA7504BE0AF967A2001B68BB /* open_dialog.c */; };
		AA761B590805AFB8003C6E4A /* carbon_message.cpp in Sources */ = {isa = PBXBuildFile; fileRef = AA761B570805AFB8003C6E4A /* carbon_message.cpp */; };
		AA852D9309BF0AF000CAAAA6 /* buffer_inspector.cpp in Sources */ = {isa = PBXBuildFile; fileRef = AA852D9209BF0AF000CAAAA6 /* buffer_inspector.cpp */; };
		AA860D360901096700B020EF /* credits.cpp in Sources */ = {isa = PBXBuildFile; fileRef = AA860D350901096700B020EF /* credits.cpp */; };
		AA860D92090123E200B020EF /* credits.rsrc in Rez */ = {isa = PBXBuildFile; fileRef = AA860D91090123E200B020EF /* credits.rsrc */; };
		AA8D1B91080B57B900193C49 /* carbon_stream.cpp in Sources */ = {isa = PBXBuildFile; fileRef = AA8D1B8F080B57B900193C49 /* carbon_stream.cpp */; };
		AAA243161086756900A38AEA /* libportaudio.dylib in Frameworks */ = {isa = PBXBuildFile; fileRef = AAA243151086756900A38AEA /* libportaudio.dylib */; };
		AAA243181086758200A38AEA /* libshout.dylib in Frameworks */ = {isa = PBXBuildFile; fileRef = AAA243171086758200A38AEA /* libshout.dylib */; };
		AAA243251086759C00A38AEA /* libogg.dylib in Frameworks */ = {isa = PBXBuildFile; fileRef = AAA243241086759C00A38AEA /* libogg.dylib */; };
		AAA24327108675AD00A38AEA /* libvorbis.dylib in Frameworks */ = {isa = PBXBuildFile; fileRef = AAA24326108675AD00A38AEA /* libvorbis.dylib */; };
		AAA24329108675BB00A38AEA /* libvorbisenc.dylib in Frameworks */ = {isa = PBXBuildFile; fileRef = AAA24328108675BB00A38AEA /* libvorbisenc.dylib */; };
		AAA2432C108675D700A38AEA /* libvorbisfile.dylib in Frameworks */ = {isa = PBXBuildFile; fileRef = AAA2432B108675D700A38AEA /* libvorbisfile.dylib */; };
		AAA2432F108675F600A38AEA /* libsndfile.dylib in Frameworks */ = {isa = PBXBuildFile; fileRef = AAA2432E108675F600A38AEA /* libsndfile.dylib */; };
		AAA243431086772500A38AEA /* libsamplerate.0.dylib in Frameworks */ = {isa = PBXBuildFile; fileRef = AAA243421086772500A38AEA /* libsamplerate.0.dylib */; };
		AAC26997081955F000C45B1E /* xmlprofile.cpp in Sources */ = {isa = PBXBuildFile; fileRef = AAC26995081955F000C45B1E /* xmlprofile.cpp */; };
		AAC5D9F4082C570000D4AEB4 /* stream_server.cpp in Sources */ = {isa = PBXBuildFile; fileRef = AAC5D9F2082C570000D4AEB4 /* stream_server.cpp */; };
		AAC5D9FE082C589800D4AEB4 /* stream_encoder.cpp in Sources */ = {isa = PBXBuildFile; fileRef = AAC5D9FC082C589800D4AEB4 /* stream_encoder.cpp */; };
		AAD744020815D5700040BA64 /* CoreAudio.framework in Frameworks */ = {isa = PBXBuildFile; fileRef = AAD744010815D5700040BA64 /* CoreAudio.framework */; };
		AAD7440F0815D5780040BA64 /* AudioToolbox.framework in Frameworks */ = {isa = PBXBuildFile; fileRef = AAD7440E0815D5780040BA64 /* AudioToolbox.framework */; };
		B3AC961E088BD81100B6C700 /* muse-icon.icns in Resources */ = {isa = PBXBuildFile; fileRef = B3AC961D088BD81100B6C700 /* muse-icon.icns */; };
		B3DDD65D088BBDEA0000B321 /* muse_icons.rsrc in Rez */ = {isa = PBXBuildFile; fileRef = B3DDD65C088BBDEA0000B321 /* muse_icons.rsrc */; };
/* End PBXBuildFile section */

/* Begin PBXFileReference section */
		0867D6ABFE840B52C02AAC07 /* English */ = {isa = PBXFileReference; fileEncoding = 10; lastKnownFileType = text.plist.strings; name = English; path = English.lproj/InfoPlist.strings; sourceTree = "<group>"; };
		1870340FFE93FCAF11CA0CD7 /* English */ = {isa = PBXFileReference; lastKnownFileType = wrapper.nib; name = English; path = English.lproj/main.nib; sourceTree = "<group>"; };
		20286C33FDCF999611CA2CEA /* Carbon.framework */ = {isa = PBXFileReference; lastKnownFileType = wrapper.framework; name = Carbon.framework; path = /System/Library/Frameworks/Carbon.framework; sourceTree = "<absolute>"; };
		4A9504C8FFE6A3BC11CA0CBA /* ApplicationServices.framework */ = {isa = PBXFileReference; lastKnownFileType = wrapper.framework; name = ApplicationServices.framework; path = /System/Library/Frameworks/ApplicationServices.framework; sourceTree = "<absolute>"; };
		4A9504CAFFE6A41611CA0CBA /* CoreServices.framework */ = {isa = PBXFileReference; lastKnownFileType = wrapper.framework; name = CoreServices.framework; path = /System/Library/Frameworks/CoreServices.framework; sourceTree = "<absolute>"; };
		8D0C4E960486CD37000505A6 /* Info.plist */ = {isa = PBXFileReference; fileEncoding = 4; lastKnownFileType = text.plist; path = Info.plist; sourceTree = "<group>"; };
		AA0A08B2108683F8002CE46E /* dec_mp3.cpp */ = {isa = PBXFileReference; fileEncoding = 4; lastKnownFileType = sourcecode.cpp.cpp; path = dec_mp3.cpp; sourceTree = "<group>"; };
		AA0A08B3108683F8002CE46E /* dec_mp3.h */ = {isa = PBXFileReference; fileEncoding = 4; lastKnownFileType = sourcecode.c.h; path = dec_mp3.h; sourceTree = "<group>"; };
		AA0A08B710868405002CE46E /* bitwindow.cc */ = {isa = PBXFileReference; fileEncoding = 4; lastKnownFileType = sourcecode.cpp.cpp; path = bitwindow.cc; sourceTree = "<group>"; };
		AA0A08B910868405002CE46E /* fileinput.cc */ = {isa = PBXFileReference; fileEncoding = 4; lastKnownFileType = sourcecode.cpp.cpp; path = fileinput.cc; sourceTree = "<group>"; };
		AA0A08BA10868405002CE46E /* fileplayer.cc */ = {isa = PBXFileReference; fileEncoding = 4; lastKnownFileType = sourcecode.cpp.cpp; path = fileplayer.cc; sourceTree = "<group>"; };
		AA0A08BB10868405002CE46E /* filter.cc */ = {isa = PBXFileReference; fileEncoding = 4; lastKnownFileType = sourcecode.cpp.cpp; path = filter.cc; sourceTree = "<group>"; };
		AA0A08BC10868405002CE46E /* filter_2.cc */ = {isa = PBXFileReference; fileEncoding = 4; lastKnownFileType = sourcecode.cpp.cpp; path = filter_2.cc; sourceTree = "<group>"; };
		AA0A08BD10868405002CE46E /* httpinput.cc */ = {isa = PBXFileReference; fileEncoding = 4; lastKnownFileType = sourcecode.cpp.cpp; path = httpinput.cc; sourceTree = "<group>"; };
		AA0A08BE10868405002CE46E /* huffmantable.cc */ = {isa = PBXFileReference; fileEncoding = 4; lastKnownFileType = sourcecode.cpp.cpp; path = huffmantable.cc; sourceTree = "<group>"; };
		AA0A08C010868405002CE46E /* mpeglayer1.cc */ = {isa = PBXFileReference; fileEncoding = 4; lastKnownFileType = sourcecode.cpp.cpp; path = mpeglayer1.cc; sourceTree = "<group>"; };
		AA0A08C110868405002CE46E /* mpeglayer2.cc */ = {isa = PBXFileReference; fileEncoding = 4; lastKnownFileType = sourcecode.cpp.cpp; path = mpeglayer2.cc; sourceTree = "<group>"; };
		AA0A08C210868405002CE46E /* mpeglayer3.cc */ = {isa = PBXFileReference; fileEncoding = 4; lastKnownFileType = sourcecode.cpp.cpp; path = mpeglayer3.cc; sourceTree = "<group>"; };
		AA0A08C310868405002CE46E /* mpegsound.h */ = {isa = PBXFileReference; fileEncoding = 4; lastKnownFileType = sourcecode.c.h; path = mpegsound.h; sourceTree = "<group>"; };
		AA0A08C410868405002CE46E /* mpegsound_locals.h */ = {isa = PBXFileReference; fileEncoding = 4; lastKnownFileType = sourcecode.c.h; path = mpegsound_locals.h; sourceTree = "<group>"; };
		AA0A08C510868405002CE46E /* mpegtable.cc */ = {isa = PBXFileReference; fileEncoding = 4; lastKnownFileType = sourcecode.cpp.cpp; path = mpegtable.cc; sourceTree = "<group>"; };
		AA0A08C610868405002CE46E /* mpegtoraw.cc */ = {isa = PBXFileReference; fileEncoding = 4; lastKnownFileType = sourcecode.cpp.cpp; path = mpegtoraw.cc; sourceTree = "<group>"; };
		AA0A08C810868405002CE46E /* soundinputstream.cc */ = {isa = PBXFileReference; fileEncoding = 4; lastKnownFileType = sourcecode.cpp.cpp; path = soundinputstream.cc; sourceTree = "<group>"; };
		AA0A08C910868405002CE46E /* soundplayer.cc */ = {isa = PBXFileReference; fileEncoding = 4; lastKnownFileType = sourcecode.cpp.cpp; path = soundplayer.cc; sourceTree = "<group>"; };
		AA15AF5D0839586700530BBD /* playlist_manager.h */ = {isa = PBXFileReference; fileEncoding = 4; lastKnownFileType = sourcecode.c.h; path = playlist_manager.h; sourceTree = "<group>"; };
		AA15AF5E0839586700530BBD /* playlist_manager.cpp */ = {isa = PBXFileReference; fileEncoding = 4; lastKnownFileType = sourcecode.cpp.cpp; path = playlist_manager.cpp; sourceTree = "<group>"; };
		AA28B6DB10866A9F00541BE0 /* lame_wrap.cpp */ = {isa = PBXFileReference; fileEncoding = 4; lastKnownFileType = sourcecode.cpp.cpp; path = lame_wrap.cpp; sourceTree = "<group>"; };
		AA28B6DC10866A9F00541BE0 /* lame_wrap.h */ = {isa = PBXFileReference; fileEncoding = 4; lastKnownFileType = sourcecode.c.h; path = lame_wrap.h; sourceTree = "<group>"; };
		AA3FCC3B07FCDD370061F816 /* carbon_gui.h */ = {isa = PBXFileReference; fileEncoding = 4; lastKnownFileType = sourcecode.c.h; path = carbon_gui.h; sourceTree = "<group>"; };
		AA3FCC3C07FCDD370061F816 /* carbon_gui.cpp */ = {isa = PBXFileReference; fileEncoding = 4; lastKnownFileType = sourcecode.cpp.cpp; path = carbon_gui.cpp; sourceTree = "<group>"; };
		AA3FD4DD07FCE13D0061F816 /* audioproc.cpp */ = {isa = PBXFileReference; fileEncoding = 30; lastKnownFileType = sourcecode.cpp.cpp; path = audioproc.cpp; sourceTree = "<group>"; };
		AA3FD4DE07FCE13D0061F816 /* audioproc.h */ = {isa = PBXFileReference; fileEncoding = 30; lastKnownFileType = sourcecode.c.h; path = audioproc.h; sourceTree = "<group>"; };
		AA3FD4E007FCE13D0061F816 /* dec_jack.cpp */ = {isa = PBXFileReference; fileEncoding = 30; lastKnownFileType = sourcecode.cpp.cpp; path = dec_jack.cpp; sourceTree = "<group>"; };
		AA3FD4E107FCE13D0061F816 /* dec_jack.h */ = {isa = PBXFileReference; fileEncoding = 30; lastKnownFileType = sourcecode.c.h; path = dec_jack.h; sourceTree = "<group>"; };
		AA3FD4E607FCE13D0061F816 /* dec_ogg.cpp */ = {isa = PBXFileReference; fileEncoding = 30; lastKnownFileType = sourcecode.cpp.cpp; path = dec_ogg.cpp; sourceTree = "<group>"; };
		AA3FD4E707FCE13D0061F816 /* dec_ogg.h */ = {isa = PBXFileReference; fileEncoding = 30; lastKnownFileType = sourcecode.c.h; path = dec_ogg.h; sourceTree = "<group>"; };
		AA3FD4E907FCE13D0061F816 /* dec_snd.cpp */ = {isa = PBXFileReference; fileEncoding = 30; lastKnownFileType = sourcecode.cpp.cpp; path = dec_snd.cpp; sourceTree = "<group>"; };
		AA3FD4EA07FCE13D0061F816 /* dec_snd.h */ = {isa = PBXFileReference; fileEncoding = 30; lastKnownFileType = sourcecode.c.h; path = dec_snd.h; sourceTree = "<group>"; };
		AA3FD4EC07FCE13D0061F816 /* decoder.cpp */ = {isa = PBXFileReference; fileEncoding = 30; lastKnownFileType = sourcecode.cpp.cpp; path = decoder.cpp; sourceTree = "<group>"; };
		AA3FD4ED07FCE13D0061F816 /* decoder.h */ = {isa = PBXFileReference; fileEncoding = 30; lastKnownFileType = sourcecode.c.h; path = decoder.h; sourceTree = "<group>"; };
		AA3FD4EF07FCE13D0061F816 /* dev_sound.cpp */ = {isa = PBXFileReference; fileEncoding = 30; lastKnownFileType = sourcecode.cpp.cpp; path = dev_sound.cpp; sourceTree = "<group>"; };
		AA3FD4F007FCE13D0061F816 /* dev_sound.h */ = {isa = PBXFileReference; fileEncoding = 30; lastKnownFileType = sourcecode.c.h; path = dev_sound.h; sourceTree = "<group>"; };
		AA3FD4F207FCE13D0061F816 /* generic.h */ = {isa = PBXFileReference; fileEncoding = 30; lastKnownFileType = sourcecode.c.h; path = generic.h; sourceTree = "<group>"; };
		AA3FD5D207FCE13D0061F816 /* gui.cpp */ = {isa = PBXFileReference; fileEncoding = 30; lastKnownFileType = sourcecode.cpp.cpp; path = gui.cpp; sourceTree = "<group>"; };
		AA3FD5D307FCE13D0061F816 /* gui.h */ = {isa = PBXFileReference; fileEncoding = 30; lastKnownFileType = sourcecode.c.h; path = gui.h; sourceTree = "<group>"; };
		AA3FD5D507FCE13D0061F816 /* httpstream.cpp */ = {isa = PBXFileReference; fileEncoding = 30; lastKnownFileType = sourcecode.cpp.cpp; path = httpstream.cpp; sourceTree = "<group>"; };
		AA3FD5D607FCE13D0061F816 /* httpstream.h */ = {isa = PBXFileReference; fileEncoding = 30; lastKnownFileType = sourcecode.c.h; path = httpstream.h; sourceTree = "<group>"; };
		AA3FD5D807FCE13D0061F816 /* inchannels.cpp */ = {isa = PBXFileReference; fileEncoding = 30; lastKnownFileType = sourcecode.cpp.cpp; path = inchannels.cpp; sourceTree = "<group>"; };
		AA3FD5D907FCE13D0061F816 /* inchannels.h */ = {isa = PBXFileReference; fileEncoding = 30; lastKnownFileType = sourcecode.c.h; path = inchannels.h; sourceTree = "<group>"; };
		AA3FD5DB07FCE13D0061F816 /* jmixer.cpp */ = {isa = PBXFileReference; fileEncoding = 30; lastKnownFileType = sourcecode.cpp.cpp; path = jmixer.cpp; sourceTree = "<group>"; };
		AA3FD5DC07FCE13D0061F816 /* jmixer.h */ = {isa = PBXFileReference; fileEncoding = 30; lastKnownFileType = sourcecode.c.h; path = jmixer.h; sourceTree = "<group>"; };
		AA3FD5DE07FCE13D0061F816 /* jutils.cpp */ = {isa = PBXFileReference; fileEncoding = 30; lastKnownFileType = sourcecode.cpp.cpp; path = jutils.cpp; sourceTree = "<group>"; };
		AA3FD5DF07FCE13D0061F816 /* jutils.h */ = {isa = PBXFileReference; fileEncoding = 30; lastKnownFileType = sourcecode.c.h; path = jutils.h; sourceTree = "<group>"; };
		AA3FD61407FCE13D0061F816 /* linklist.cpp */ = {isa = PBXFileReference; fileEncoding = 30; lastKnownFileType = sourcecode.cpp.cpp; path = linklist.cpp; sourceTree = "<group>"; };
		AA3FD61507FCE13D0061F816 /* linklist.h */ = {isa = PBXFileReference; fileEncoding = 30; lastKnownFileType = sourcecode.c.h; path = linklist.h; sourceTree = "<group>"; };
		AA3FD61B07FCE13D0061F816 /* muse.cpp */ = {isa = PBXFileReference; fileEncoding = 30; lastKnownFileType = sourcecode.cpp.cpp; path = muse.cpp; sourceTree = "<group>"; };
		AA3FD6ED07FCE13D0061F816 /* out_lame.cpp */ = {isa = PBXFileReference; fileEncoding = 30; lastKnownFileType = sourcecode.cpp.cpp; path = out_lame.cpp; sourceTree = "<group>"; };
		AA3FD6EE07FCE13D0061F816 /* out_lame.h */ = {isa = PBXFileReference; fileEncoding = 30; lastKnownFileType = sourcecode.c.h; path = out_lame.h; sourceTree = "<group>"; };
		AA3FD6F007FCE13D0061F816 /* out_vorbis.cpp */ = {isa = PBXFileReference; fileEncoding = 30; lastKnownFileType = sourcecode.cpp.cpp; path = out_vorbis.cpp; sourceTree = "<group>"; };
		AA3FD6F107FCE13D0061F816 /* out_vorbis.h */ = {isa = PBXFileReference; fileEncoding = 30; lastKnownFileType = sourcecode.c.h; path = out_vorbis.h; sourceTree = "<group>"; };
		AA3FD6F307FCE13D0061F816 /* outchannels.cpp */ = {isa = PBXFileReference; fileEncoding = 30; lastKnownFileType = sourcecode.cpp.cpp; path = outchannels.cpp; sourceTree = "<group>"; };
		AA3FD6F407FCE13D0061F816 /* outchannels.h */ = {isa = PBXFileReference; fileEncoding = 30; lastKnownFileType = sourcecode.c.h; path = outchannels.h; sourceTree = "<group>"; };
		AA3FD6F707FCE13D0061F816 /* pipe.cpp */ = {isa = PBXFileReference; fileEncoding = 30; lastKnownFileType = sourcecode.cpp.cpp; path = pipe.cpp; sourceTree = "<group>"; };
		AA3FD6F807FCE13D0061F816 /* pipe.h */ = {isa = PBXFileReference; fileEncoding = 30; lastKnownFileType = sourcecode.c.h; path = pipe.h; sourceTree = "<group>"; };
		AA3FD6FA07FCE13D0061F816 /* playlist.cpp */ = {isa = PBXFileReference; fileEncoding = 30; lastKnownFileType = sourcecode.cpp.cpp; path = playlist.cpp; sourceTree = "<group>"; };
		AA3FD6FB07FCE13D0061F816 /* playlist.h */ = {isa = PBXFileReference; fileEncoding = 30; lastKnownFileType = sourcecode.c.h; path = playlist.h; sourceTree = "<group>"; };
		AA3FD72B07FCE13E0061F816 /* radiosched.cpp */ = {isa = PBXFileReference; fileEncoding = 30; lastKnownFileType = sourcecode.cpp.cpp; path = radiosched.cpp; sourceTree = "<group>"; };
		AA3FD72C07FCE13E0061F816 /* radiosched.h */ = {isa = PBXFileReference; fileEncoding = 30; lastKnownFileType = sourcecode.c.h; path = radiosched.h; sourceTree = "<group>"; };
		AA3FD74907FCE13E0061F816 /* resarr160to441.h */ = {isa = PBXFileReference; fileEncoding = 30; lastKnownFileType = sourcecode.c.h; path = resarr160to441.h; sourceTree = "<group>"; };
		AA3FD74A07FCE13E0061F816 /* resarr320to441.h */ = {isa = PBXFileReference; fileEncoding = 30; lastKnownFileType = sourcecode.c.h; path = resarr320to441.h; sourceTree = "<group>"; };
		AA3FD77C07FCE13E0061F816 /* shouter.cpp */ = {isa = PBXFileReference; fileEncoding = 30; lastKnownFileType = sourcecode.cpp.cpp; path = shouter.cpp; sourceTree = "<group>"; };
		AA3FD77D07FCE13E0061F816 /* shouter.h */ = {isa = PBXFileReference; fileEncoding = 30; lastKnownFileType = sourcecode.c.h; path = shouter.h; sourceTree = "<group>"; };
		AA3FD77F07FCE13E0061F816 /* vumeter.c */ = {isa = PBXFileReference; fileEncoding = 30; lastKnownFileType = sourcecode.c.c; path = vumeter.c; sourceTree = "<group>"; };
		AA3FDA5607FD59300061F816 /* config.h */ = {isa = PBXFileReference; fileEncoding = 30; lastKnownFileType = sourcecode.c.h; path = config.h; sourceTree = SOURCE_ROOT; };
		AA4C3A7D07FEBC9B00E15170 /* carbon_channel.h */ = {isa = PBXFileReference; fileEncoding = 4; lastKnownFileType = sourcecode.c.h; path = carbon_channel.h; sourceTree = "<group>"; };
		AA4C3A7E07FEBC9B00E15170 /* carbon_channel.cpp */ = {isa = PBXFileReference; fileEncoding = 4; lastKnownFileType = sourcecode.cpp.cpp; path = carbon_channel.cpp; sourceTree = "<group>"; };
		AA50A14409C4DC59000E1CBE /* libSystemStubs.a */ = {isa = PBXFileReference; lastKnownFileType = archive.ar; name = libSystemStubs.a; path = /usr/lib/libSystemStubs.a; sourceTree = "<absolute>"; };
		AA7504BE0AF967A2001B68BB /* open_dialog.c */ = {isa = PBXFileReference; fileEncoding = 30; lastKnownFileType = sourcecode.c.c; path = open_dialog.c; sourceTree = "<group>"; };
		AA761B560805AFB8003C6E4A /* carbon_message.h */ = {isa = PBXFileReference; fileEncoding = 4; lastKnownFileType = sourcecode.c.h; path = carbon_message.h; sourceTree = "<group>"; };
		AA761B570805AFB8003C6E4A /* carbon_message.cpp */ = {isa = PBXFileReference; fileEncoding = 4; lastKnownFileType = sourcecode.cpp.cpp; path = carbon_message.cpp; sourceTree = "<group>"; };
		AA852D9109BF0AF000CAAAA6 /* buffer_inspector.h */ = {isa = PBXFileReference; fileEncoding = 4; lastKnownFileType = sourcecode.c.h; path = buffer_inspector.h; sourceTree = "<group>"; };
		AA852D9209BF0AF000CAAAA6 /* buffer_inspector.cpp */ = {isa = PBXFileReference; fileEncoding = 4; lastKnownFileType = sourcecode.cpp.cpp; path = buffer_inspector.cpp; sourceTree = "<group>"; };
		AA860D340901096700B020EF /* credits.h */ = {isa = PBXFileReference; fileEncoding = 4; lastKnownFileType = sourcecode.c.h; path = credits.h; sourceTree = "<group>"; };
		AA860D350901096700B020EF /* credits.cpp */ = {isa = PBXFileReference; fileEncoding = 4; lastKnownFileType = sourcecode.cpp.cpp; path = credits.cpp; sourceTree = "<group>"; };
		AA860D91090123E200B020EF /* credits.rsrc */ = {isa = PBXFileReference; lastKnownFileType = archive.rsrc; path = credits.rsrc; sourceTree = "<group>"; };
		AA8D1B8E080B57B900193C49 /* carbon_stream.h */ = {isa = PBXFileReference; fileEncoding = 4; lastKnownFileType = sourcecode.c.h; path = carbon_stream.h; sourceTree = "<group>"; };
		AA8D1B8F080B57B900193C49 /* carbon_stream.cpp */ = {isa = PBXFileReference; fileEncoding = 4; lastKnownFileType = sourcecode.cpp.cpp; path = carbon_stream.cpp; sourceTree = "<group>"; };
		AA95A42B0815CD1A001BF965 /* open_dialog.h */ = {isa = PBXFileReference; fileEncoding = 4; lastKnownFileType = sourcecode.c.h; path = open_dialog.h; sourceTree = SOURCE_ROOT; };
		AAA243151086756900A38AEA /* libportaudio.dylib */ = {isa = PBXFileReference; lastKnownFileType = "compiled.mach-o.dylib"; name = libportaudio.dylib; path = /opt/local/lib/libportaudio.dylib; sourceTree = "<absolute>"; };
		AAA243171086758200A38AEA /* libshout.dylib */ = {isa = PBXFileReference; lastKnownFileType = "compiled.mach-o.dylib"; name = libshout.dylib; path = /opt/local/lib/libshout.dylib; sourceTree = "<absolute>"; };
		AAA243241086759C00A38AEA /* libogg.dylib */ = {isa = PBXFileReference; lastKnownFileType = "compiled.mach-o.dylib"; name = libogg.dylib; path = /opt/local/lib/libogg.dylib; sourceTree = "<absolute>"; };
		AAA24326108675AD00A38AEA /* libvorbis.dylib */ = {isa = PBXFileReference; lastKnownFileType = "compiled.mach-o.dylib"; name = libvorbis.dylib; path = /opt/local/lib/libvorbis.dylib; sourceTree = "<absolute>"; };
		AAA24328108675BB00A38AEA /* libvorbisenc.dylib */ = {isa = PBXFileReference; lastKnownFileType = "compiled.mach-o.dylib"; name = libvorbisenc.dylib; path = /opt/local/lib/libvorbisenc.dylib; sourceTree = "<absolute>"; };
		AAA2432B108675D700A38AEA /* libvorbisfile.dylib */ = {isa = PBXFileReference; lastKnownFileType = "compiled.mach-o.dylib"; name = libvorbisfile.dylib; path = /opt/local/lib/libvorbisfile.dylib; sourceTree = "<absolute>"; };
		AAA2432E108675F600A38AEA /* libsndfile.dylib */ = {isa = PBXFileReference; lastKnownFileType = "compiled.mach-o.dylib"; name = libsndfile.dylib; path = /opt/local/lib/libsndfile.dylib; sourceTree = "<absolute>"; };
		AAA243421086772500A38AEA /* libsamplerate.0.dylib */ = {isa = PBXFileReference; lastKnownFileType = "compiled.mach-o.dylib"; name = libsamplerate.0.dylib; path = /opt/local/lib/libsamplerate.0.dylib; sourceTree = "<absolute>"; };
		AAC26995081955F000C45B1E /* xmlprofile.cpp */ = {isa = PBXFileReference; fileEncoding = 30; lastKnownFileType = sourcecode.cpp.cpp; path = xmlprofile.cpp; sourceTree = "<group>"; };
		AAC26996081955F000C45B1E /* xmlprofile.h */ = {isa = PBXFileReference; fileEncoding = 30; lastKnownFileType = sourcecode.c.h; path = xmlprofile.h; sourceTree = "<group>"; };
		AAC5D9F1082C570000D4AEB4 /* stream_server.h */ = {isa = PBXFileReference; fileEncoding = 4; lastKnownFileType = sourcecode.c.h; path = stream_server.h; sourceTree = "<group>"; };
		AAC5D9F2082C570000D4AEB4 /* stream_server.cpp */ = {isa = PBXFileReference; fileEncoding = 4; lastKnownFileType = sourcecode.cpp.cpp; path = stream_server.cpp; sourceTree = "<group>"; };
		AAC5D9FB082C589800D4AEB4 /* stream_encoder.h */ = {isa = PBXFileReference; fileEncoding = 4; lastKnownFileType = sourcecode.c.h; path = stream_encoder.h; sourceTree = "<group>"; };
		AAC5D9FC082C589800D4AEB4 /* stream_encoder.cpp */ = {isa = PBXFileReference; fileEncoding = 4; lastKnownFileType = sourcecode.cpp.cpp; path = stream_encoder.cpp; sourceTree = "<group>"; };
		AAD744010815D5700040BA64 /* CoreAudio.framework */ = {isa = PBXFileReference; lastKnownFileType = wrapper.framework; name = CoreAudio.framework; path = /System/Library/Frameworks/CoreAudio.framework; sourceTree = "<absolute>"; };
		AAD7440E0815D5780040BA64 /* AudioToolbox.framework */ = {isa = PBXFileReference; lastKnownFileType = wrapper.framework; name = AudioToolbox.framework; path = /System/Library/Frameworks/AudioToolbox.framework; sourceTree = "<absolute>"; };
		AAE5AE8408069517006FA613 /* carbon_common.h */ = {isa = PBXFileReference; fileEncoding = 4; lastKnownFileType = sourcecode.c.h; path = carbon_common.h; sourceTree = "<group>"; };
		AAECECDC08021710004C1C3F /* muse-osx.app */ = {isa = PBXFileReference; explicitFileType = wrapper.application; includeInIndex = 0; path = "muse-osx.app"; sourceTree = BUILT_PRODUCTS_DIR; };
		B3AC961D088BD81100B6C700 /* muse-icon.icns */ = {isa = PBXFileReference; lastKnownFileType = image.icns; path = "muse-icon.icns"; sourceTree = "<group>"; };
		B3DDD65C088BBDEA0000B321 /* muse_icons.rsrc */ = {isa = PBXFileReference; lastKnownFileType = archive.rsrc; path = muse_icons.rsrc; sourceTree = "<group>"; };
/* End PBXFileReference section */

/* Begin PBXFrameworksBuildPhase section */
		8D0C4E910486CD37000505A6 /* Frameworks */ = {
			isa = PBXFrameworksBuildPhase;
			buildActionMask = 2147483647;
			files = (
				8D0C4E920486CD37000505A6 /* Carbon.framework in Frameworks */,
				AAD744020815D5700040BA64 /* CoreAudio.framework in Frameworks */,
				AAD7440F0815D5780040BA64 /* AudioToolbox.framework in Frameworks */,
				AA50A14509C4DC59000E1CBE /* libSystemStubs.a in Frameworks */,
				AAA243161086756900A38AEA /* libportaudio.dylib in Frameworks */,
				AAA243181086758200A38AEA /* libshout.dylib in Frameworks */,
				AAA243251086759C00A38AEA /* libogg.dylib in Frameworks */,
				AAA24327108675AD00A38AEA /* libvorbis.dylib in Frameworks */,
				AAA24329108675BB00A38AEA /* libvorbisenc.dylib in Frameworks */,
				AAA2432C108675D700A38AEA /* libvorbisfile.dylib in Frameworks */,
				AAA2432F108675F600A38AEA /* libsndfile.dylib in Frameworks */,
				AAA243431086772500A38AEA /* libsamplerate.0.dylib in Frameworks */,
			);
			runOnlyForDeploymentPostprocessing = 0;
		};
/* End PBXFrameworksBuildPhase section */

/* Begin PBXGroup section */
		195DF8CFFE9D517E11CA2CBB /* Products */ = {
			isa = PBXGroup;
			children = (
				AAECECDC08021710004C1C3F /* muse-osx.app */,
			);
			name = Products;
			sourceTree = "<group>";
		};
		20286C29FDCF999611CA2CEA /* muse-osx */ = {
			isa = PBXGroup;
			children = (
				20286C2AFDCF999611CA2CEA /* Sources */,
				20286C2CFDCF999611CA2CEA /* Resources */,
				20286C32FDCF999611CA2CEA /* Frameworks and Libraries */,
				195DF8CFFE9D517E11CA2CBB /* Products */,
			);
			name = "muse-osx";
			sourceTree = "<group>";
		};
		20286C2AFDCF999611CA2CEA /* Sources */ = {
			isa = PBXGroup;
			children = (
				AA7504BE0AF967A2001B68BB /* open_dialog.c */,
				AA3FDA5607FD59300061F816 /* config.h */,
				AAE5AE8408069517006FA613 /* carbon_common.h */,
				AA3FCC3C07FCDD370061F816 /* carbon_gui.cpp */,
				AA3FCC3B07FCDD370061F816 /* carbon_gui.h */,
				AA4C3A7E07FEBC9B00E15170 /* carbon_channel.cpp */,
				AA4C3A7D07FEBC9B00E15170 /* carbon_channel.h */,
				AA8D1B8F080B57B900193C49 /* carbon_stream.cpp */,
				AA8D1B8E080B57B900193C49 /* carbon_stream.h */,
				AAC5D9F2082C570000D4AEB4 /* stream_server.cpp */,
				AAC5D9F1082C570000D4AEB4 /* stream_server.h */,
				AAC5D9FC082C589800D4AEB4 /* stream_encoder.cpp */,
				AAC5D9FB082C589800D4AEB4 /* stream_encoder.h */,
				AA761B570805AFB8003C6E4A /* carbon_message.cpp */,
				AA761B560805AFB8003C6E4A /* carbon_message.h */,
				AA95A42B0815CD1A001BF965 /* open_dialog.h */,
				AA15AF5D0839586700530BBD /* playlist_manager.h */,
				AA15AF5E0839586700530BBD /* playlist_manager.cpp */,
				AA860D340901096700B020EF /* credits.h */,
				AA860D350901096700B020EF /* credits.cpp */,
				AA852D9109BF0AF000CAAAA6 /* buffer_inspector.h */,
				AA852D9209BF0AF000CAAAA6 /* buffer_inspector.cpp */,
				AA3FD4C307FCE13C0061F816 /* src */,
			);
			name = Sources;
			sourceTree = "<group>";
		};
		20286C2CFDCF999611CA2CEA /* Resources */ = {
			isa = PBXGroup;
			children = (
				AA860D91090123E200B020EF /* credits.rsrc */,
				B3AC961D088BD81100B6C700 /* muse-icon.icns */,
				B3DDD65C088BBDEA0000B321 /* muse_icons.rsrc */,
				8D0C4E960486CD37000505A6 /* Info.plist */,
				0867D6AAFE840B52C02AAC07 /* InfoPlist.strings */,
				02345980000FD03B11CA0E72 /* main.nib */,
			);
			name = Resources;
			sourceTree = "<group>";
		};
		20286C32FDCF999611CA2CEA /* Frameworks and Libraries */ = {
			isa = PBXGroup;
			children = (
				AAA243421086772500A38AEA /* libsamplerate.0.dylib */,
				AAA2432E108675F600A38AEA /* libsndfile.dylib */,
				AAA2432B108675D700A38AEA /* libvorbisfile.dylib */,
				AAA24328108675BB00A38AEA /* libvorbisenc.dylib */,
				AAA24326108675AD00A38AEA /* libvorbis.dylib */,
				AAA243241086759C00A38AEA /* libogg.dylib */,
				AAA243171086758200A38AEA /* libshout.dylib */,
				AAA243151086756900A38AEA /* libportaudio.dylib */,
				AAD7440E0815D5780040BA64 /* AudioToolbox.framework */,
				AAD744010815D5700040BA64 /* CoreAudio.framework */,
				20286C33FDCF999611CA2CEA /* Carbon.framework */,
				4A9504CAFFE6A41611CA0CBA /* CoreServices.framework */,
				4A9504C8FFE6A3BC11CA0CBA /* ApplicationServices.framework */,
				AA50A14409C4DC59000E1CBE /* libSystemStubs.a */,
			);
			name = "Frameworks and Libraries";
			path = ../src;
			sourceTree = SOURCE_ROOT;
		};
		AA0A08B510868405002CE46E /* libmpeg */ = {
			isa = PBXGroup;
			children = (
				AA0A08B710868405002CE46E /* bitwindow.cc */,
				AA0A08B910868405002CE46E /* fileinput.cc */,
				AA0A08BA10868405002CE46E /* fileplayer.cc */,
				AA0A08BB10868405002CE46E /* filter.cc */,
				AA0A08BC10868405002CE46E /* filter_2.cc */,
				AA0A08BD10868405002CE46E /* httpinput.cc */,
				AA0A08BE10868405002CE46E /* huffmantable.cc */,
				AA0A08C010868405002CE46E /* mpeglayer1.cc */,
				AA0A08C110868405002CE46E /* mpeglayer2.cc */,
				AA0A08C210868405002CE46E /* mpeglayer3.cc */,
				AA0A08C310868405002CE46E /* mpegsound.h */,
				AA0A08C410868405002CE46E /* mpegsound_locals.h */,
				AA0A08C510868405002CE46E /* mpegtable.cc */,
				AA0A08C610868405002CE46E /* mpegtoraw.cc */,
				AA0A08C810868405002CE46E /* soundinputstream.cc */,
				AA0A08C910868405002CE46E /* soundplayer.cc */,
			);
			name = libmpeg;
			path = ../lib/libmpeg;
			sourceTree = SOURCE_ROOT;
		};
		AA3FD4C307FCE13C0061F816 /* src */ = {
			isa = PBXGroup;
			children = (
				AA0A08B510868405002CE46E /* libmpeg */,
				AA0A08B2108683F8002CE46E /* dec_mp3.cpp */,
				AA0A08B3108683F8002CE46E /* dec_mp3.h */,
				AA28B6DB10866A9F00541BE0 /* lame_wrap.cpp */,
				AA28B6DC10866A9F00541BE0 /* lame_wrap.h */,
				AAC26995081955F000C45B1E /* xmlprofile.cpp */,
				AAC26996081955F000C45B1E /* xmlprofile.h */,
				AA3FD4DD07FCE13D0061F816 /* audioproc.cpp */,
				AA3FD4DE07FCE13D0061F816 /* audioproc.h */,
				AA3FD4E007FCE13D0061F816 /* dec_jack.cpp */,
				AA3FD4E107FCE13D0061F816 /* dec_jack.h */,
				AA3FD4E607FCE13D0061F816 /* dec_ogg.cpp */,
				AA3FD4E707FCE13D0061F816 /* dec_ogg.h */,
				AA3FD4E907FCE13D0061F816 /* dec_snd.cpp */,
				AA3FD4EA07FCE13D0061F816 /* dec_snd.h */,
				AA3FD4EC07FCE13D0061F816 /* decoder.cpp */,
				AA3FD4ED07FCE13D0061F816 /* decoder.h */,
				AA3FD4F007FCE13D0061F816 /* dev_sound.h */,
				AA3FD4EF07FCE13D0061F816 /* dev_sound.cpp */,
				AA3FD4F207FCE13D0061F816 /* generic.h */,
				AA3FD5D207FCE13D0061F816 /* gui.cpp */,
				AA3FD5D307FCE13D0061F816 /* gui.h */,
				AA3FD5D507FCE13D0061F816 /* httpstream.cpp */,
				AA3FD5D607FCE13D0061F816 /* httpstream.h */,
				AA3FD5D807FCE13D0061F816 /* inchannels.cpp */,
				AA3FD5D907FCE13D0061F816 /* inchannels.h */,
				AA3FD5DC07FCE13D0061F816 /* jmixer.h */,
				AA3FD5DB07FCE13D0061F816 /* jmixer.cpp */,
				AA3FD5DE07FCE13D0061F816 /* jutils.cpp */,
				AA3FD5DF07FCE13D0061F816 /* jutils.h */,
				AA3FD61407FCE13D0061F816 /* linklist.cpp */,
				AA3FD61507FCE13D0061F816 /* linklist.h */,
				AA3FD61B07FCE13D0061F816 /* muse.cpp */,
				AA3FD6ED07FCE13D0061F816 /* out_lame.cpp */,
				AA3FD6EE07FCE13D0061F816 /* out_lame.h */,
				AA3FD6F007FCE13D0061F816 /* out_vorbis.cpp */,
				AA3FD6F107FCE13D0061F816 /* out_vorbis.h */,
				AA3FD6F307FCE13D0061F816 /* outchannels.cpp */,
				AA3FD6F407FCE13D0061F816 /* outchannels.h */,
				AA3FD6F707FCE13D0061F816 /* pipe.cpp */,
				AA3FD6F807FCE13D0061F816 /* pipe.h */,
				AA3FD6FA07FCE13D0061F816 /* playlist.cpp */,
				AA3FD6FB07FCE13D0061F816 /* playlist.h */,
				AA3FD72B07FCE13E0061F816 /* radiosched.cpp */,
				AA3FD72C07FCE13E0061F816 /* radiosched.h */,
				AA3FD74907FCE13E0061F816 /* resarr160to441.h */,
				AA3FD74A07FCE13E0061F816 /* resarr320to441.h */,
				AA3FD77C07FCE13E0061F816 /* shouter.cpp */,
				AA3FD77D07FCE13E0061F816 /* shouter.h */,
				AA3FD77F07FCE13E0061F816 /* vumeter.c */,
			);
			name = src;
			path = ../src;
			sourceTree = SOURCE_ROOT;
		};
/* End PBXGroup section */

/* Begin PBXNativeTarget section */
		8D0C4E890486CD37000505A6 /* muse-osx */ = {
			isa = PBXNativeTarget;
			buildConfigurationList = B324DACD088B084E00AEDB06 /* Build configuration list for PBXNativeTarget "muse-osx" */;
			buildPhases = (
				AA0A088010867CC7002CE46E /* PreBuildScript */,
				8D0C4E8C0486CD37000505A6 /* Resources */,
				8D0C4E8F0486CD37000505A6 /* Sources */,
				8D0C4E910486CD37000505A6 /* Frameworks */,
				AA3FCC1A07FCD7FE0061F816 /* Rez */,
				AA0A07E410867A87002CE46E /* PostBuildScript */,
			);
			buildRules = (
			);
			dependencies = (
			);
			name = "muse-osx";
			productInstallPath = "$(HOME)/Applications";
			productName = "muse-osx";
			productReference = AAECECDC08021710004C1C3F /* muse-osx.app */;
			productType = "com.apple.product-type.application";
		};
/* End PBXNativeTarget section */

/* Begin PBXProject section */
		20286C28FDCF999611CA2CEA /* Project object */ = {
			isa = PBXProject;
			buildConfigurationList = B324DAD1088B084E00AEDB06 /* Build configuration list for PBXProject "muse-osx" */;
			compatibilityVersion = "Xcode 2.4";
			hasScannedForEncodings = 1;
			mainGroup = 20286C29FDCF999611CA2CEA /* muse-osx */;
			projectDirPath = "";
			projectRoot = "";
			targets = (
				8D0C4E890486CD37000505A6 /* muse-osx */,
			);
		};
/* End PBXProject section */

/* Begin PBXResourcesBuildPhase section */
		8D0C4E8C0486CD37000505A6 /* Resources */ = {
			isa = PBXResourcesBuildPhase;
			buildActionMask = 2147483647;
			files = (
				8D0C4E8D0486CD37000505A6 /* InfoPlist.strings in Resources */,
				8D0C4E8E0486CD37000505A6 /* main.nib in Resources */,
				B3AC961E088BD81100B6C700 /* muse-icon.icns in Resources */,
			);
			runOnlyForDeploymentPostprocessing = 0;
		};
/* End PBXResourcesBuildPhase section */

/* Begin PBXRezBuildPhase section */
		AA3FCC1A07FCD7FE0061F816 /* Rez */ = {
			isa = PBXRezBuildPhase;
			buildActionMask = 2147483647;
			files = (
				B3DDD65D088BBDEA0000B321 /* muse_icons.rsrc in Rez */,
				AA860D92090123E200B020EF /* credits.rsrc in Rez */,
			);
			runOnlyForDeploymentPostprocessing = 0;
		};
/* End PBXRezBuildPhase section */

/* Begin PBXShellScriptBuildPhase section */
		AA0A07E410867A87002CE46E /* PostBuildScript */ = {
			isa = PBXShellScriptBuildPhase;
			buildActionMask = 2147483647;
			files = (
			);
			inputPaths = (
			);
			name = PostBuildScript;
			outputPaths = (
			);
			runOnlyForDeploymentPostprocessing = 0;
			shellPath = /bin/sh;
			shellScript = "export INSTALLED=\"\"\nexport LIBS_PATH=\"$TARGET_BUILD_DIR/$PRODUCT_NAME.app/Contents/Frameworks\"\nmkdir -p $LIBS_PATH\nexport TARGET=\"$TARGET_BUILD_DIR/$PRODUCT_NAME.app/Contents/MacOS/$PRODUCT_NAME\"\n\nfollow_dependencies () {\n\tlibname=$1\n\tcd \"$TARGET_BUILD_DIR/$PRODUCT_NAME.app/Contents/Frameworks\"\n\tdependencies=`otool -L \"$libname\"  | egrep '\\/(opt|usr)\\/local\\/lib' | awk '{print $1}'`\n\tfor l in $dependencies; do\n\t\tdepname=`basename $l`\n\t\tdeppath=`dirname $l`\n\t\tif [ ! -f \"$TARGET_BUILD_DIR/$PRODUCT_NAME.app/Contents/Frameworks/$depname\" ]; then\n\t\t\tdeploy_lib $depname \"$deppath\"\n\t\tfi\n\tdone\n}\n\nupdate_links () {\n\tlibname=$1\n\tlibpath=$2\n\tfor n in `ls $LIBS_PATH/*`; do\n\t\tinstall_name_tool \\\n\t\t\t-change \"$libpath/$libname\" \\\n\t\t\t@executable_path/../Frameworks/$libname \\\n\t\t\t\"$n\"\n\tdone\n}\n\ndeploy_lib () {\n\tlibname=$1\n\tlibpath=$2\n\tcheck=`echo $INSTALLED | grep $libname`\n\tif [ \"X$check\" = \"X\" ]; then\n\t\tif [ ! -f \"$TARGET_BUILD_DIR/$PRODUCT_NAME.app/Contents/Frameworks/$libname\" ]; then\n\t\t\tcp -f \"$libpath/$libname\" \"$TARGET_BUILD_DIR/$PRODUCT_NAME.app/Contents/Frameworks/$libname\"\n\t\t\tinstall_name_tool \\\n\t\t\t\t-id @executable_path/../Frameworks/$libname \\\n\t\t\t\t\"$TARGET_BUILD_DIR/$PRODUCT_NAME.app/Contents/Frameworks/$libname\"\n\t\t\tfollow_dependencies $libname\n\t\tfi\n\t\texport INSTALLED=\"$INSTALLED $libname\"\n\tfi\n\tupdate_links $libname $libpath\n}\n\nupdate_executable() {\n\tLIBS=`otool -L \"$TARGET\" | egrep '\\/(opt|usr)\\/local\\/lib' | awk '{print $1}'`\n\tfor l in $LIBS; do\n\t\tlibname=`basename $l`\n\t\tlibpath=`dirname $l`\n\t\tdeploy_lib $libname $libpath\n\t\techo \"install_name_tool -change $libpath/$libname @executable_path/../Frameworks/$libname \\\"$TARGET\\\"\"\n\t\tinstall_name_tool \\\n\t\t\t-change $libpath/$libname \\\n\t\t\t@executable_path/../Frameworks/$libname \\\n\t\t\t\"$TARGET\"\n\tdone\n}\n\nupdate_executable\ncd $LIBS_PATH && MORELIBS=`otool -L * | egrep '\\/(opt|usr)\\/local\\/lib' | awk '{print $1}'` && cd -\nwhile [ \"X$MORELIBS\" != \"X\" ]; do\n\tfor l in $MORELIBS; do\n\t\tlibname=`basename $l`\n\t\tlibpath=`dirname $l`\n\t\tdeploy_lib \"$libname\" \"$libpath\"\n\tdone\n\tcd $LIBS_PATH && MORELIBS=`otool -L * | egrep '\\/(opt|usr)\\/local\\/lib' | awk '{print $1}'` && cd -\ndone\nupdate_executable\n\n# Update the Info.plist file with correct version and build numbers\nBUILD_NUMBER=`grep BUILD_NUMBER $TARGET_BUILD_DIR/../../config.h | awk '{print $3}'`\nOSX_VERSION=`grep OSX_VERSION $TARGET_BUILD_DIR/../../config.h | awk '{print $3}'`\nsed -i .bck -e \"s#%BUILD_NUMBER%#$BUILD_NUMBER#g\" \"$TARGET_BUILD_DIR/$PRODUCT_NAME.app/Contents/Info.plist\"\nsed -i .bck -e \"s#%OSX_VERSION%#$OSX_VERSION#g\" \"$TARGET_BUILD_DIR/$PRODUCT_NAME.app/Contents/Info.plist\"\nrm \"$TARGET_BUILD_DIR/$PRODUCT_NAME.app/Contents/Info.plist.bck\"";
		};
		AA0A088010867CC7002CE46E /* PreBuildScript */ = {
			isa = PBXShellScriptBuildPhase;
			buildActionMask = 2147483647;
			files = (
			);
			inputPaths = (
			);
			name = PreBuildScript;
			outputPaths = (
			);
			runOnlyForDeploymentPostprocessing = 0;
			shellPath = /bin/sh;
			shellScript = "if [ \"X$CONFIGURATION\" = \"XRelease\" ]; then\n\texport BUILD_NUMBER=`grep BUILD_NUMBER $TARGET_BUILD_DIR/../../config.h | awk '{print $3}'`\n\tOLD_BUILD_NUMBER=$BUILD_NUMBER\n\t((BUILD_NUMBER++))\n\tsed -i .bck -e \"s#BUILD_NUMBER $OLD_BUILD_NUMBER#BUILD_NUMBER $BUILD_NUMBER#\" $TARGET_BUILD_DIR/../../config.h\n\trm $TARGET_BUILD_DIR/../../config.h.bck\nfi";
		};
/* End PBXShellScriptBuildPhase section */

/* Begin PBXSourcesBuildPhase section */
		8D0C4E8F0486CD37000505A6 /* Sources */ = {
			isa = PBXSourcesBuildPhase;
			buildActionMask = 2147483647;
			files = (
				AA3FCC3E07FCDD370061F816 /* carbon_gui.cpp in Sources */,
				AA3FD79807FCE13E0061F816 /* audioproc.cpp in Sources */,
				AA3FD79B07FCE13E0061F816 /* dec_jack.cpp in Sources */,
				AA3FD7A107FCE13E0061F816 /* dec_ogg.cpp in Sources */,
				AA3FD7A407FCE13E0061F816 /* dec_snd.cpp in Sources */,
				AA3FD7A707FCE13E0061F816 /* decoder.cpp in Sources */,
				AA3FD7AA07FCE13E0061F816 /* dev_sound.cpp in Sources */,
				AA3FD88507FCE1400061F816 /* gui.cpp in Sources */,
				AA3FD88807FCE1400061F816 /* httpstream.cpp in Sources */,
				AA3FD88B07FCE1400061F816 /* inchannels.cpp in Sources */,
				AA3FD88E07FCE1400061F816 /* jmixer.cpp in Sources */,
				AA3FD89107FCE1400061F816 /* jutils.cpp in Sources */,
				AA3FD8C507FCE1400061F816 /* linklist.cpp in Sources */,
				AA3FD8CC07FCE1400061F816 /* muse.cpp in Sources */,
				AA3FD99907FCE1410061F816 /* out_lame.cpp in Sources */,
				AA3FD99C07FCE1410061F816 /* out_vorbis.cpp in Sources */,
				AA3FD99F07FCE1410061F816 /* outchannels.cpp in Sources */,
				AA3FD9A307FCE1410061F816 /* pipe.cpp in Sources */,
				AA3FD9A607FCE1410061F816 /* playlist.cpp in Sources */,
				AA3FD9D507FCE1410061F816 /* radiosched.cpp in Sources */,
				AA3FDA2207FCE1410061F816 /* shouter.cpp in Sources */,
				AA3FDA2507FCE1410061F816 /* vumeter.c in Sources */,
				AA4C3A8007FEBC9B00E15170 /* carbon_channel.cpp in Sources */,
				AA761B590805AFB8003C6E4A /* carbon_message.cpp in Sources */,
				AA8D1B91080B57B900193C49 /* carbon_stream.cpp in Sources */,
				AAC26997081955F000C45B1E /* xmlprofile.cpp in Sources */,
				AAC5D9F4082C570000D4AEB4 /* stream_server.cpp in Sources */,
				AAC5D9FE082C589800D4AEB4 /* stream_encoder.cpp in Sources */,
				AA15AF5F0839586700530BBD /* playlist_manager.cpp in Sources */,
				AA860D360901096700B020EF /* credits.cpp in Sources */,
				AA852D9309BF0AF000CAAAA6 /* buffer_inspector.cpp in Sources */,
				AA7504BF0AF967A2001B68BB /* open_dialog.c in Sources */,
				AA28B6DD10866A9F00541BE0 /* lame_wrap.cpp in Sources */,
				AA0A08B4108683F8002CE46E /* dec_mp3.cpp in Sources */,
				AA0A08CB10868405002CE46E /* bitwindow.cc in Sources */,
				AA0A08CD10868405002CE46E /* fileinput.cc in Sources */,
				AA0A08CE10868405002CE46E /* fileplayer.cc in Sources */,
				AA0A08CF10868405002CE46E /* filter.cc in Sources */,
				AA0A08D010868405002CE46E /* filter_2.cc in Sources */,
				AA0A08D110868405002CE46E /* httpinput.cc in Sources */,
				AA0A08D210868405002CE46E /* huffmantable.cc in Sources */,
				AA0A08D410868405002CE46E /* mpeglayer1.cc in Sources */,
				AA0A08D510868405002CE46E /* mpeglayer2.cc in Sources */,
				AA0A08D610868405002CE46E /* mpeglayer3.cc in Sources */,
				AA0A08D710868405002CE46E /* mpegtable.cc in Sources */,
				AA0A08D810868405002CE46E /* mpegtoraw.cc in Sources */,
				AA0A08DA10868405002CE46E /* soundinputstream.cc in Sources */,
				AA0A08DB10868405002CE46E /* soundplayer.cc in Sources */,
			);
			runOnlyForDeploymentPostprocessing = 0;
		};
/* End PBXSourcesBuildPhase section */

/* Begin PBXVariantGroup section */
		02345980000FD03B11CA0E72 /* main.nib */ = {
			isa = PBXVariantGroup;
			children = (
				1870340FFE93FCAF11CA0CD7 /* English */,
			);
			name = main.nib;
			sourceTree = "<group>";
		};
		0867D6AAFE840B52C02AAC07 /* InfoPlist.strings */ = {
			isa = PBXVariantGroup;
			children = (
				0867D6ABFE840B52C02AAC07 /* English */,
			);
			name = InfoPlist.strings;
			sourceTree = "<group>";
		};
/* End PBXVariantGroup section */

/* Begin XCBuildConfiguration section */
		B324DACE088B084E00AEDB06 /* Development */ = {
			isa = XCBuildConfiguration;
			buildSettings = {
				COPY_PHASE_STRIP = NO;
				GCC_ALTIVEC_EXTENSIONS = YES;
				GCC_DYNAMIC_NO_PIC = NO;
				GCC_ENABLE_FIX_AND_CONTINUE = YES;
				GCC_GENERATE_DEBUGGING_SYMBOLS = YES;
				GCC_OPTIMIZATION_LEVEL = 0;
				GCC_PRECOMPILE_PREFIX_HEADER = YES;
				GCC_PREFIX_HEADER = "muse-osx_Prefix.pch";
				HEADER_SEARCH_PATHS = (
					/sw/include/,
					"../src//**",
					/Developer/Headers/FlatCarbon/,
				);
				INFOPLIST_FILE = Info.plist;
				INSTALL_PATH = "$(HOME)/Applications";
				LIBRARY_SEARCH_PATHS = (
					/sw/lib,
					/opt/local/lib,
				);
				MACOSX_DEPLOYMENT_TARGET = 10.3;
				OTHER_LDFLAGS = "";
				PREBINDING = NO;
				PRODUCT_NAME = "muse-osx";
				PUBLIC_HEADERS_FOLDER_PATH = "";
				WRAPPER_EXTENSION = app;
				ZERO_LINK = NO;
			};
			name = Development;
		};
		B324DACF088B084E00AEDB06 /* Deployment */ = {
			isa = XCBuildConfiguration;
			buildSettings = {
				COPY_PHASE_STRIP = YES;
				GCC_ENABLE_FIX_AND_CONTINUE = NO;
				GCC_GENERATE_DEBUGGING_SYMBOLS = NO;
				GCC_PRECOMPILE_PREFIX_HEADER = YES;
				GCC_PREFIX_HEADER = "muse-osx_Prefix.pch";
				HEADER_SEARCH_PATHS = (
					../src/portaudio,
					../src,
					/sw/include,
				);
				INFOPLIST_FILE = Info.plist;
				INSTALL_PATH = "$(HOME)/Applications";
				LIBRARY_SEARCH_PATHS = (
					/sw/lib,
					/opt/local/lib,
				);
				MACOSX_DEPLOYMENT_TARGET = 10.3;
				PRODUCT_NAME = "muse-osx";
				WRAPPER_EXTENSION = app;
				ZERO_LINK = NO;
			};
			name = Deployment;
		};
		B324DAD0088B084E00AEDB06 /* Default */ = {
			isa = XCBuildConfiguration;
			buildSettings = {
				GCC_GENERATE_DEBUGGING_SYMBOLS = NO;
				GCC_PRECOMPILE_PREFIX_HEADER = YES;
				GCC_PREFIX_HEADER = "muse-osx_Prefix.pch";
				HEADER_SEARCH_PATHS = (
					../src/portaudio,
					../src,
					/sw/include,
				);
				INFOPLIST_FILE = Info.plist;
				INSTALL_PATH = "$(HOME)/Applications";
				LIBRARY_SEARCH_PATHS = (
					/sw/lib,
					/opt/local/lib,
				);
				PRODUCT_NAME = "muse-osx";
				WRAPPER_EXTENSION = app;
			};
			name = Default;
		};
		B324DAD2088B084E00AEDB06 /* Development */ = {
			isa = XCBuildConfiguration;
			buildSettings = {
				BUILD_VARIANTS = normal;
				GCC_MODEL_TUNING = "";
				GCC_OPTIMIZATION_LEVEL = 3;
				GCC_UNROLL_LOOPS = YES;
				HEADER_SEARCH_PATHS = /opt/local/include;
				LIBRARY_SEARCH_PATHS = /opt/local/lib;
				MACOSX_DEPLOYMENT_TARGET = 10.3;
				OTHER_CFLAGS = "-I/opt/local/include";
				OTHER_CPLUSPLUSFLAGS = "$(OTHER_CFLAGS)";
				PRECOMPS_INCLUDE_HEADERS_FROM_BUILT_PRODUCTS_DIR = NO;
				SYMROOT = build;
			};
			name = Development;
		};
		B324DAD3088B084E00AEDB06 /* Deployment */ = {
			isa = XCBuildConfiguration;
			buildSettings = {
				BUILD_VARIANTS = normal;
				GCC_MODEL_TUNING = G4;
				GCC_OPTIMIZATION_LEVEL = 3;
				GCC_UNROLL_LOOPS = YES;
				MACOSX_DEPLOYMENT_TARGET = 10.3;
				OTHER_CFLAGS = (
					"-fast",
					"-mcpu=G4",
					"-mtune=G4",
				);
				OTHER_CPLUSPLUSFLAGS = "$(OTHER_CFLAGS)";
				PRECOMPS_INCLUDE_HEADERS_FROM_BUILT_PRODUCTS_DIR = NO;
			};
			name = Deployment;
		};
		B324DAD4088B084E00AEDB06 /* Default */ = {
			isa = XCBuildConfiguration;
			buildSettings = {
				BUILD_VARIANTS = normal;
				GCC_MODEL_TUNING = G4;
				GCC_OPTIMIZATION_LEVEL = 3;
				GCC_UNROLL_LOOPS = YES;
				MACOSX_DEPLOYMENT_TARGET = 10.3;
				OTHER_CFLAGS = (
					"-fast",
					"-mcpu=G4",
					"-mtune=G4",
				);
				OTHER_CPLUSPLUSFLAGS = "$(OTHER_CFLAGS)";
				PRECOMPS_INCLUDE_HEADERS_FROM_BUILT_PRODUCTS_DIR = NO;
			};
			name = Default;
		};
/* End XCBuildConfiguration section */

/* Begin XCConfigurationList section */
		B324DACD088B084E00AEDB06 /* Build configuration list for PBXNativeTarget "muse-osx" */ = {
			isa = XCConfigurationList;
			buildConfigurations = (
				B324DACE088B084E00AEDB06 /* Development */,
				B324DACF088B084E00AEDB06 /* Deployment */,
				B324DAD0088B084E00AEDB06 /* Default */,
			);
			defaultConfigurationIsVisible = 0;
			defaultConfigurationName = Default;
		};
		B324DAD1088B084E00AEDB06 /* Build configuration list for PBXProject "muse-osx" */ = {
			isa = XCConfigurationList;
			buildConfigurations = (
				B324DAD2088B084E00AEDB06 /* Development */,
				B324DAD3088B084E00AEDB06 /* Deployment */,
				B324DAD4088B084E00AEDB06 /* Default */,
			);
			defaultConfigurationIsVisible = 0;
			defaultConfigurationName = Default;
		};
/* End XCConfigurationList section */
	};
	rootObject = 20286C28FDCF999611CA2CEA /* Project object */;
}
