// !$*UTF8*$!
{
	archiveVersion = 1;
	classes = {
	};
	objectVersion = 39;
	objects = {
		02345980000FD03B11CA0E72 = {
			children = (
				1870340FFE93FCAF11CA0CD7,
			);
			isa = PBXVariantGroup;
			name = main.nib;
			refType = 4;
			sourceTree = "<group>";
		};
//020
//021
//022
//023
//024
//080
//081
//082
//083
//084
		0867D6AAFE840B52C02AAC07 = {
			children = (
				0867D6ABFE840B52C02AAC07,
			);
			isa = PBXVariantGroup;
			name = InfoPlist.strings;
			refType = 4;
			sourceTree = "<group>";
		};
		0867D6ABFE840B52C02AAC07 = {
			fileEncoding = 10;
			isa = PBXFileReference;
			lastKnownFileType = text.plist.strings;
			name = English;
			path = English.lproj/InfoPlist.strings;
			refType = 4;
			sourceTree = "<group>";
		};
//080
//081
//082
//083
//084
//180
//181
//182
//183
//184
		1870340FFE93FCAF11CA0CD7 = {
			isa = PBXFileReference;
			lastKnownFileType = wrapper.nib;
			name = English;
			path = English.lproj/main.nib;
			refType = 4;
			sourceTree = "<group>";
		};
//180
//181
//182
//183
//184
//190
//191
//192
//193
//194
		195DF8CFFE9D517E11CA2CBB = {
			children = (
				AAECECDC08021710004C1C3F,
			);
			isa = PBXGroup;
			name = Products;
			refType = 4;
			sourceTree = "<group>";
		};
//190
//191
//192
//193
//194
//200
//201
//202
//203
//204
		20286C28FDCF999611CA2CEA = {
			buildSettings = {
			};
			buildStyles = (
				4A9504C5FFE6A39111CA0CBA,
				4A9504C6FFE6A39111CA0CBA,
			);
			hasScannedForEncodings = 1;
			isa = PBXProject;
			mainGroup = 20286C29FDCF999611CA2CEA;
			projectDirPath = "";
			targets = (
				8D0C4E890486CD37000505A6,
			);
		};
		20286C29FDCF999611CA2CEA = {
			children = (
				20286C2AFDCF999611CA2CEA,
				20286C2CFDCF999611CA2CEA,
				20286C32FDCF999611CA2CEA,
				195DF8CFFE9D517E11CA2CBB,
			);
			isa = PBXGroup;
			name = "muse-osx";
			path = "";
			refType = 4;
			sourceTree = "<group>";
		};
		20286C2AFDCF999611CA2CEA = {
			children = (
				AA95A42C0815CD1A001BF965,
				AA95A42B0815CD1A001BF965,
				AAE1A7A2080BE8CA009E0F00,
				AAE1A7A3080BE8CA009E0F00,
				AA8D1B8E080B57B900193C49,
				AA8D1B8F080B57B900193C49,
				AAE5AE8408069517006FA613,
				AA761B560805AFB8003C6E4A,
				AA761B570805AFB8003C6E4A,
				AA3FCC3C07FCDD370061F816,
				AA4C3A7D07FEBC9B00E15170,
				AA3FCC3B07FCDD370061F816,
				AA4C3A7E07FEBC9B00E15170,
				AA3FD4C307FCE13C0061F816,
				AA3FDA5607FD59300061F816,
				32DBCF6D0370B57F00C91783,
			);
			isa = PBXGroup;
			name = Sources;
			path = "";
			refType = 4;
			sourceTree = "<group>";
		};
		20286C2CFDCF999611CA2CEA = {
			children = (
				AAD743FB0815D4E00040BA64,
				AAD743F70815D49F0040BA64,
				AAD742D70815D4360040BA64,
				AAD742D80815D4360040BA64,
				AAD742D90815D4360040BA64,
				AAD742D50815D4240040BA64,
				AA9ACF7D08061D9D0028BFCC,
				8D0C4E960486CD37000505A6,
				AA5F43EE07FCC22C001D1B1A,
				0867D6AAFE840B52C02AAC07,
				02345980000FD03B11CA0E72,
			);
			isa = PBXGroup;
			name = Resources;
			path = "";
			refType = 4;
			sourceTree = "<group>";
		};
		20286C32FDCF999611CA2CEA = {
			children = (
				AAD7440E0815D5780040BA64,
				AAD744010815D5700040BA64,
				20286C33FDCF999611CA2CEA,
				4A9504CAFFE6A41611CA0CBA,
				4A9504C8FFE6A3BC11CA0CBA,
			);
			isa = PBXGroup;
			name = src;
			path = ../src;
			refType = 2;
			sourceTree = SOURCE_ROOT;
		};
		20286C33FDCF999611CA2CEA = {
			isa = PBXFileReference;
			lastKnownFileType = wrapper.framework;
			name = Carbon.framework;
			path = /System/Library/Frameworks/Carbon.framework;
			refType = 0;
			sourceTree = "<absolute>";
		};
//200
//201
//202
//203
//204
//320
//321
//322
//323
//324
		32DBCF6D0370B57F00C91783 = {
			fileEncoding = 4;
			isa = PBXFileReference;
			lastKnownFileType = sourcecode.c.h;
			path = "muse-osx_Prefix.pch";
			refType = 4;
			sourceTree = "<group>";
		};
//320
//321
//322
//323
//324
//4A0
//4A1
//4A2
//4A3
//4A4
		4A9504C5FFE6A39111CA0CBA = {
			buildSettings = {
				COPY_PHASE_STRIP = NO;
				GCC_ALTIVEC_EXTENSIONS = YES;
				GCC_DYNAMIC_NO_PIC = NO;
				GCC_ENABLE_FIX_AND_CONTINUE = YES;
				GCC_GENERATE_DEBUGGING_SYMBOLS = YES;
				GCC_OPTIMIZATION_LEVEL = 0;
				PREBINDING = NO;
				ZERO_LINK = NO;
			};
			isa = PBXBuildStyle;
			name = Development;
		};
		4A9504C6FFE6A39111CA0CBA = {
			buildSettings = {
				COPY_PHASE_STRIP = YES;
				GCC_ENABLE_FIX_AND_CONTINUE = NO;
				ZERO_LINK = NO;
			};
			isa = PBXBuildStyle;
			name = Deployment;
		};
		4A9504C8FFE6A3BC11CA0CBA = {
			isa = PBXFileReference;
			lastKnownFileType = wrapper.framework;
			name = ApplicationServices.framework;
			path = /System/Library/Frameworks/ApplicationServices.framework;
			refType = 0;
			sourceTree = "<absolute>";
		};
		4A9504CAFFE6A41611CA0CBA = {
			isa = PBXFileReference;
			lastKnownFileType = wrapper.framework;
			name = CoreServices.framework;
			path = /System/Library/Frameworks/CoreServices.framework;
			refType = 0;
			sourceTree = "<absolute>";
		};
//4A0
//4A1
//4A2
//4A3
//4A4
//8D0
//8D1
//8D2
//8D3
//8D4
		8D0C4E890486CD37000505A6 = {
			buildPhases = (
				8D0C4E8C0486CD37000505A6,
				8D0C4E8F0486CD37000505A6,
				8D0C4E910486CD37000505A6,
				AA3FCC1A07FCD7FE0061F816,
			);
			buildRules = (
			);
			buildSettings = {
				GCC_GENERATE_DEBUGGING_SYMBOLS = NO;
				GCC_PRECOMPILE_PREFIX_HEADER = YES;
				GCC_PREFIX_HEADER = "muse-osx_Prefix.pch";
				HEADER_SEARCH_PATHS = "/sw/lib/glib-2.0/include ../src/portaudio ../src /sw/include /sw/include/glib-2.0";
				INFOPLIST_FILE = Info.plist;
				INSTALL_PATH = "$(HOME)/Applications";
				LIBRARY_SEARCH_PATHS = /sw/lib;
				PRODUCT_NAME = "muse-osx";
				WRAPPER_EXTENSION = app;
			};
			dependencies = (
			);
			isa = PBXNativeTarget;
			name = "muse-osx";
			productInstallPath = "$(HOME)/Applications";
			productName = "muse-osx";
			productReference = AAECECDC08021710004C1C3F;
			productType = "com.apple.product-type.application";
		};
		8D0C4E8C0486CD37000505A6 = {
			buildActionMask = 2147483647;
			files = (
				8D0C4E8D0486CD37000505A6,
				AA5F43EF07FCC22C001D1B1A,
				8D0C4E8E0486CD37000505A6,
				AA3FCC3D07FCDD370061F816,
				AA3FD79907FCE13E0061F816,
				AA3FD79C07FCE13E0061F816,
				AA3FD79F07FCE13E0061F816,
				AA3FD7A207FCE13E0061F816,
				AA3FD7A507FCE13E0061F816,
				AA3FD7A807FCE13E0061F816,
				AA3FD7AB07FCE13E0061F816,
				AA3FD7AD07FCE13E0061F816,
				AA3FD88607FCE1400061F816,
				AA3FD88907FCE1400061F816,
				AA3FD88C07FCE1400061F816,
				AA3FD88F07FCE1400061F816,
				AA3FD89207FCE1400061F816,
				AA3FD8BA07FCE1400061F816,
				AA3FD8BB07FCE1400061F816,
				AA3FD8C607FCE1400061F816,
				AA3FD99A07FCE1410061F816,
				AA3FD99D07FCE1410061F816,
				AA3FD9A007FCE1410061F816,
				AA3FD9A407FCE1410061F816,
				AA3FD9A707FCE1410061F816,
				AA3FD9BA07FCE1410061F816,
				AA3FD9C207FCE1410061F816,
				AA3FD9C507FCE1410061F816,
				AA3FD9CE07FCE1410061F816,
				AA3FD9D107FCE1410061F816,
				AA3FD9D407FCE1410061F816,
				AA3FD9D607FCE1410061F816,
				AA3FD9DD07FCE1410061F816,
				AA3FD9DF07FCE1410061F816,
				AA3FD9E007FCE1410061F816,
				AA3FD9E107FCE1410061F816,
				AA3FD9E607FCE1410061F816,
				AA3FD9E907FCE1410061F816,
				AA3FD9F107FCE1410061F816,
				AA3FD9F207FCE1410061F816,
				AA3FD9FF07FCE1410061F816,
				AA3FDA0407FCE1410061F816,
				AA3FDA0E07FCE1410061F816,
				AA3FDA1107FCE1410061F816,
				AA3FDA1307FCE1410061F816,
				AA3FDA1507FCE1410061F816,
				AA3FDA1807FCE1410061F816,
				AA3FDA1B07FCE1410061F816,
				AA3FDA1E07FCE1410061F816,
				AA3FDA2307FCE1410061F816,
				AA3FDA5707FD59300061F816,
				AA4C3A7F07FEBC9B00E15170,
				AA761B580805AFB8003C6E4A,
				AA9ACF7E08061D9D0028BFCC,
				AAE5AE8508069517006FA613,
				AA8D1B90080B57B900193C49,
				AAE1A7A4080BE8CA009E0F00,
				AA95A42D0815CD1A001BF965,
			);
			isa = PBXResourcesBuildPhase;
			runOnlyForDeploymentPostprocessing = 0;
		};
		8D0C4E8D0486CD37000505A6 = {
			fileRef = 0867D6AAFE840B52C02AAC07;
			isa = PBXBuildFile;
			settings = {
			};
		};
		8D0C4E8E0486CD37000505A6 = {
			fileRef = 02345980000FD03B11CA0E72;
			isa = PBXBuildFile;
			settings = {
			};
		};
		8D0C4E8F0486CD37000505A6 = {
			buildActionMask = 2147483647;
			files = (
				AA3FCC3E07FCDD370061F816,
				AA3FD79807FCE13E0061F816,
				AA3FD79B07FCE13E0061F816,
				AA3FD79E07FCE13E0061F816,
				AA3FD7A107FCE13E0061F816,
				AA3FD7A407FCE13E0061F816,
				AA3FD7A707FCE13E0061F816,
				AA3FD7AA07FCE13E0061F816,
				AA3FD88507FCE1400061F816,
				AA3FD88807FCE1400061F816,
				AA3FD88B07FCE1400061F816,
				AA3FD88E07FCE1400061F816,
				AA3FD89107FCE1400061F816,
				AA3FD8A207FCE1400061F816,
				AA3FD8A507FCE1400061F816,
				AA3FD8A707FCE1400061F816,
				AA3FD8A807FCE1400061F816,
				AA3FD8AA07FCE1400061F816,
				AA3FD8AC07FCE1400061F816,
				AA3FD8AE07FCE1400061F816,
				AA3FD8B407FCE1400061F816,
				AA3FD8B607FCE1400061F816,
				AA3FD8B807FCE1400061F816,
				AA3FD8BC07FCE1400061F816,
				AA3FD8BE07FCE1400061F816,
				AA3FD8C107FCE1400061F816,
				AA3FD8C307FCE1400061F816,
				AA3FD8C507FCE1400061F816,
				AA3FD8CC07FCE1400061F816,
				AA3FD99907FCE1410061F816,
				AA3FD99C07FCE1410061F816,
				AA3FD99F07FCE1410061F816,
				AA3FD9A307FCE1410061F816,
				AA3FD9A607FCE1410061F816,
				AA3FD9B807FCE1410061F816,
				AA3FD9BB07FCE1410061F816,
				AA3FD9BD07FCE1410061F816,
				AA3FD9BF07FCE1410061F816,
				AA3FD9C107FCE1410061F816,
				AA3FD9C407FCE1410061F816,
				AA3FD9C707FCE1410061F816,
				AA3FD9C907FCE1410061F816,
				AA3FD9D007FCE1410061F816,
				AA3FD9D307FCE1410061F816,
				AA3FD9D507FCE1410061F816,
				AA3FD9E807FCE1410061F816,
				AA3FD9EB07FCE1410061F816,
				AA3FD9ED07FCE1410061F816,
				AA3FD9EF07FCE1410061F816,
				AA3FD9FE07FCE1410061F816,
				AA3FDA0307FCE1410061F816,
				AA3FDA0A07FCE1410061F816,
				AA3FDA0D07FCE1410061F816,
				AA3FDA1007FCE1410061F816,
				AA3FDA1407FCE1410061F816,
				AA3FDA1707FCE1410061F816,
				AA3FDA1A07FCE1410061F816,
				AA3FDA1D07FCE1410061F816,
				AA3FDA2007FCE1410061F816,
				AA3FDA2207FCE1410061F816,
				AA3FDA2507FCE1410061F816,
				AA4C3A8007FEBC9B00E15170,
				AA761B590805AFB8003C6E4A,
				AA8D1B91080B57B900193C49,
				AAE1A7A5080BE8CA009E0F00,
				AA95A42E0815CD1A001BF965,
			);
			isa = PBXSourcesBuildPhase;
			runOnlyForDeploymentPostprocessing = 0;
		};
		8D0C4E910486CD37000505A6 = {
			buildActionMask = 2147483647;
			files = (
				8D0C4E920486CD37000505A6,
				AAD742D60815D4240040BA64,
				AAD742DA0815D4360040BA64,
				AAD742DB0815D4360040BA64,
				AAD742DC0815D4360040BA64,
				AAD743F80815D49F0040BA64,
				AAD743FC0815D4E00040BA64,
				AAD744020815D5700040BA64,
				AAD7440F0815D5780040BA64,
			);
			isa = PBXFrameworksBuildPhase;
			runOnlyForDeploymentPostprocessing = 0;
		};
		8D0C4E920486CD37000505A6 = {
			fileRef = 20286C33FDCF999611CA2CEA;
			isa = PBXBuildFile;
			settings = {
			};
		};
		8D0C4E960486CD37000505A6 = {
			fileEncoding = 4;
			isa = PBXFileReference;
			lastKnownFileType = text.plist;
			path = Info.plist;
			refType = 4;
			sourceTree = "<group>";
		};
//8D0
//8D1
//8D2
//8D3
//8D4
//AA0
//AA1
//AA2
//AA3
//AA4
		AA3FCC1A07FCD7FE0061F816 = {
			buildActionMask = 2147483647;
			files = (
				AA3FCC2607FCDB060061F816,
			);
			isa = PBXRezBuildPhase;
			runOnlyForDeploymentPostprocessing = 0;
		};
		AA3FCC2607FCDB060061F816 = {
			fileRef = AA5F43EE07FCC22C001D1B1A;
			isa = PBXBuildFile;
			settings = {
			};
		};
		AA3FCC3B07FCDD370061F816 = {
			fileEncoding = 4;
			isa = PBXFileReference;
			lastKnownFileType = sourcecode.c.h;
			path = carbon_gui.h;
			refType = 4;
			sourceTree = "<group>";
		};
		AA3FCC3C07FCDD370061F816 = {
			fileEncoding = 4;
			isa = PBXFileReference;
			lastKnownFileType = sourcecode.cpp.cpp;
			path = carbon_gui.cpp;
			refType = 4;
			sourceTree = "<group>";
		};
		AA3FCC3D07FCDD370061F816 = {
			fileRef = AA3FCC3B07FCDD370061F816;
			isa = PBXBuildFile;
			settings = {
			};
		};
		AA3FCC3E07FCDD370061F816 = {
			fileRef = AA3FCC3C07FCDD370061F816;
			isa = PBXBuildFile;
			settings = {
			};
		};
		AA3FD4C307FCE13C0061F816 = {
			children = (
				AA3FD4DD07FCE13D0061F816,
				AA3FD4DE07FCE13D0061F816,
				AA3FD4E007FCE13D0061F816,
				AA3FD4E107FCE13D0061F816,
				AA3FD4E307FCE13D0061F816,
				AA3FD4E407FCE13D0061F816,
				AA3FD4E607FCE13D0061F816,
				AA3FD4E707FCE13D0061F816,
				AA3FD4E907FCE13D0061F816,
				AA3FD4EA07FCE13D0061F816,
				AA3FD4EC07FCE13D0061F816,
				AA3FD4ED07FCE13D0061F816,
				AA3FD4EF07FCE13D0061F816,
				AA3FD4F007FCE13D0061F816,
				AA3FD4F207FCE13D0061F816,
				AA3FD5D207FCE13D0061F816,
				AA3FD5D307FCE13D0061F816,
				AA3FD5D507FCE13D0061F816,
				AA3FD5D607FCE13D0061F816,
				AA3FD5D807FCE13D0061F816,
				AA3FD5D907FCE13D0061F816,
				AA3FD5DB07FCE13D0061F816,
				AA3FD5DC07FCE13D0061F816,
				AA3FD5DE07FCE13D0061F816,
				AA3FD5DF07FCE13D0061F816,
				AA3FD5E107FCE13D0061F816,
				AA3FD61407FCE13D0061F816,
				AA3FD61507FCE13D0061F816,
				AA3FD61B07FCE13D0061F816,
				AA3FD6ED07FCE13D0061F816,
				AA3FD6EE07FCE13D0061F816,
				AA3FD6F007FCE13D0061F816,
				AA3FD6F107FCE13D0061F816,
				AA3FD6F307FCE13D0061F816,
				AA3FD6F407FCE13D0061F816,
				AA3FD6F707FCE13D0061F816,
				AA3FD6F807FCE13D0061F816,
				AA3FD6FA07FCE13D0061F816,
				AA3FD6FB07FCE13D0061F816,
				AA3FD6FD07FCE13D0061F816,
				AA3FD72907FCE13E0061F816,
				AA3FD72A07FCE13E0061F816,
				AA3FD72B07FCE13E0061F816,
				AA3FD72C07FCE13E0061F816,
				AA3FD72E07FCE13E0061F816,
				AA3FD74907FCE13E0061F816,
				AA3FD74A07FCE13E0061F816,
				AA3FD74C07FCE13E0061F816,
				AA3FD77C07FCE13E0061F816,
				AA3FD77D07FCE13E0061F816,
				AA3FD77F07FCE13E0061F816,
			);
			isa = PBXGroup;
			name = src;
			path = ../src;
			refType = 2;
			sourceTree = SOURCE_ROOT;
		};
		AA3FD4DD07FCE13D0061F816 = {
			fileEncoding = 30;
			isa = PBXFileReference;
			lastKnownFileType = sourcecode.cpp.cpp;
			path = audioproc.cpp;
			refType = 4;
			sourceTree = "<group>";
		};
		AA3FD4DE07FCE13D0061F816 = {
			fileEncoding = 30;
			isa = PBXFileReference;
			lastKnownFileType = sourcecode.c.h;
			path = audioproc.h;
			refType = 4;
			sourceTree = "<group>";
		};
		AA3FD4E007FCE13D0061F816 = {
			fileEncoding = 30;
			isa = PBXFileReference;
			lastKnownFileType = sourcecode.cpp.cpp;
			path = dec_jack.cpp;
			refType = 4;
			sourceTree = "<group>";
		};
		AA3FD4E107FCE13D0061F816 = {
			fileEncoding = 30;
			isa = PBXFileReference;
			lastKnownFileType = sourcecode.c.h;
			path = dec_jack.h;
			refType = 4;
			sourceTree = "<group>";
		};
		AA3FD4E307FCE13D0061F816 = {
			fileEncoding = 30;
			isa = PBXFileReference;
			lastKnownFileType = sourcecode.cpp.cpp;
			path = dec_mp3.cpp;
			refType = 4;
			sourceTree = "<group>";
		};
		AA3FD4E407FCE13D0061F816 = {
			fileEncoding = 30;
			isa = PBXFileReference;
			lastKnownFileType = sourcecode.c.h;
			path = dec_mp3.h;
			refType = 4;
			sourceTree = "<group>";
		};
		AA3FD4E607FCE13D0061F816 = {
			fileEncoding = 30;
			isa = PBXFileReference;
			lastKnownFileType = sourcecode.cpp.cpp;
			path = dec_ogg.cpp;
			refType = 4;
			sourceTree = "<group>";
		};
		AA3FD4E707FCE13D0061F816 = {
			fileEncoding = 30;
			isa = PBXFileReference;
			lastKnownFileType = sourcecode.c.h;
			path = dec_ogg.h;
			refType = 4;
			sourceTree = "<group>";
		};
		AA3FD4E907FCE13D0061F816 = {
			fileEncoding = 30;
			isa = PBXFileReference;
			lastKnownFileType = sourcecode.cpp.cpp;
			path = dec_snd.cpp;
			refType = 4;
			sourceTree = "<group>";
		};
		AA3FD4EA07FCE13D0061F816 = {
			fileEncoding = 30;
			isa = PBXFileReference;
			lastKnownFileType = sourcecode.c.h;
			path = dec_snd.h;
			refType = 4;
			sourceTree = "<group>";
		};
		AA3FD4EC07FCE13D0061F816 = {
			fileEncoding = 30;
			isa = PBXFileReference;
			lastKnownFileType = sourcecode.cpp.cpp;
			path = decoder.cpp;
			refType = 4;
			sourceTree = "<group>";
		};
		AA3FD4ED07FCE13D0061F816 = {
			fileEncoding = 30;
			isa = PBXFileReference;
			lastKnownFileType = sourcecode.c.h;
			path = decoder.h;
			refType = 4;
			sourceTree = "<group>";
		};
		AA3FD4EF07FCE13D0061F816 = {
			fileEncoding = 30;
			isa = PBXFileReference;
			lastKnownFileType = sourcecode.cpp.cpp;
			path = dev_sound.cpp;
			refType = 4;
			sourceTree = "<group>";
		};
		AA3FD4F007FCE13D0061F816 = {
			fileEncoding = 30;
			isa = PBXFileReference;
			lastKnownFileType = sourcecode.c.h;
			path = dev_sound.h;
			refType = 4;
			sourceTree = "<group>";
		};
		AA3FD4F207FCE13D0061F816 = {
			fileEncoding = 30;
			isa = PBXFileReference;
			lastKnownFileType = sourcecode.c.h;
			path = generic.h;
			refType = 4;
			sourceTree = "<group>";
		};
		AA3FD5D207FCE13D0061F816 = {
			fileEncoding = 30;
			isa = PBXFileReference;
			lastKnownFileType = sourcecode.cpp.cpp;
			path = gui.cpp;
			refType = 4;
			sourceTree = "<group>";
		};
		AA3FD5D307FCE13D0061F816 = {
			fileEncoding = 30;
			isa = PBXFileReference;
			lastKnownFileType = sourcecode.c.h;
			path = gui.h;
			refType = 4;
			sourceTree = "<group>";
		};
		AA3FD5D507FCE13D0061F816 = {
			fileEncoding = 30;
			isa = PBXFileReference;
			lastKnownFileType = sourcecode.cpp.cpp;
			path = httpstream.cpp;
			refType = 4;
			sourceTree = "<group>";
		};
		AA3FD5D607FCE13D0061F816 = {
			fileEncoding = 30;
			isa = PBXFileReference;
			lastKnownFileType = sourcecode.c.h;
			path = httpstream.h;
			refType = 4;
			sourceTree = "<group>";
		};
		AA3FD5D807FCE13D0061F816 = {
			fileEncoding = 30;
			isa = PBXFileReference;
			lastKnownFileType = sourcecode.cpp.cpp;
			path = inchannels.cpp;
			refType = 4;
			sourceTree = "<group>";
		};
		AA3FD5D907FCE13D0061F816 = {
			fileEncoding = 30;
			isa = PBXFileReference;
			lastKnownFileType = sourcecode.c.h;
			path = inchannels.h;
			refType = 4;
			sourceTree = "<group>";
		};
		AA3FD5DB07FCE13D0061F816 = {
			fileEncoding = 30;
			isa = PBXFileReference;
			lastKnownFileType = sourcecode.cpp.cpp;
			path = jmixer.cpp;
			refType = 4;
			sourceTree = "<group>";
		};
		AA3FD5DC07FCE13D0061F816 = {
			fileEncoding = 30;
			isa = PBXFileReference;
			lastKnownFileType = sourcecode.c.h;
			path = jmixer.h;
			refType = 4;
			sourceTree = "<group>";
		};
		AA3FD5DE07FCE13D0061F816 = {
			fileEncoding = 30;
			isa = PBXFileReference;
			lastKnownFileType = sourcecode.cpp.cpp;
			path = jutils.cpp;
			refType = 4;
			sourceTree = "<group>";
		};
		AA3FD5DF07FCE13D0061F816 = {
			fileEncoding = 30;
			isa = PBXFileReference;
			lastKnownFileType = sourcecode.c.h;
			path = jutils.h;
			refType = 4;
			sourceTree = "<group>";
		};
		AA3FD5E107FCE13D0061F816 = {
			children = (
				AA3FD5F007FCE13D0061F816,
				AA3FD5F107FCE13D0061F816,
				AA3FD5F307FCE13D0061F816,
				AA3FD5F407FCE13D0061F816,
				AA3FD5F607FCE13D0061F816,
				AA3FD5F707FCE13D0061F816,
				AA3FD5F907FCE13D0061F816,
				AA3FD5FB07FCE13D0061F816,
				AA3FD5FD07FCE13D0061F816,
				AA3FD60307FCE13D0061F816,
				AA3FD60507FCE13D0061F816,
				AA3FD60707FCE13D0061F816,
				AA3FD60907FCE13D0061F816,
				AA3FD60A07FCE13D0061F816,
				AA3FD60B07FCE13D0061F816,
				AA3FD60D07FCE13D0061F816,
				AA3FD60F07FCE13D0061F816,
				AA3FD61007FCE13D0061F816,
				AA3FD61207FCE13D0061F816,
			);
			isa = PBXGroup;
			path = libmpeg;
			refType = 4;
			sourceTree = "<group>";
		};
		AA3FD5F007FCE13D0061F816 = {
			fileEncoding = 30;
			isa = PBXFileReference;
			lastKnownFileType = text;
			path = AUTHORS;
			refType = 4;
			sourceTree = "<group>";
		};
		AA3FD5F107FCE13D0061F816 = {
			fileEncoding = 30;
			isa = PBXFileReference;
			lastKnownFileType = sourcecode.cpp.cpp;
			path = bitwindow.cc;
			refType = 4;
			sourceTree = "<group>";
		};
		AA3FD5F307FCE13D0061F816 = {
			fileEncoding = 30;
			isa = PBXFileReference;
			lastKnownFileType = text;
			path = COPYING;
			refType = 4;
			sourceTree = "<group>";
		};
		AA3FD5F407FCE13D0061F816 = {
			fileEncoding = 30;
			isa = PBXFileReference;
			lastKnownFileType = sourcecode.cpp.cpp;
			path = fileinput.cc;
			refType = 4;
			sourceTree = "<group>";
		};
		AA3FD5F607FCE13D0061F816 = {
			fileEncoding = 30;
			isa = PBXFileReference;
			lastKnownFileType = sourcecode.cpp.cpp;
			path = fileplayer.cc;
			refType = 4;
			sourceTree = "<group>";
		};
		AA3FD5F707FCE13D0061F816 = {
			fileEncoding = 30;
			isa = PBXFileReference;
			lastKnownFileType = sourcecode.cpp.cpp;
			path = filter.cc;
			refType = 4;
			sourceTree = "<group>";
		};
		AA3FD5F907FCE13D0061F816 = {
			fileEncoding = 30;
			isa = PBXFileReference;
			lastKnownFileType = sourcecode.cpp.cpp;
			path = filter_2.cc;
			refType = 4;
			sourceTree = "<group>";
		};
		AA3FD5FB07FCE13D0061F816 = {
			fileEncoding = 30;
			isa = PBXFileReference;
			lastKnownFileType = sourcecode.cpp.cpp;
			path = httpinput.cc;
			refType = 4;
			sourceTree = "<group>";
		};
		AA3FD5FD07FCE13D0061F816 = {
			fileEncoding = 30;
			isa = PBXFileReference;
			lastKnownFileType = sourcecode.cpp.cpp;
			path = huffmantable.cc;
			refType = 4;
			sourceTree = "<group>";
		};
		AA3FD60307FCE13D0061F816 = {
			fileEncoding = 30;
			isa = PBXFileReference;
			lastKnownFileType = sourcecode.cpp.cpp;
			path = mpeglayer1.cc;
			refType = 4;
			sourceTree = "<group>";
		};
		AA3FD60507FCE13D0061F816 = {
			fileEncoding = 30;
			isa = PBXFileReference;
			lastKnownFileType = sourcecode.cpp.cpp;
			path = mpeglayer2.cc;
			refType = 4;
			sourceTree = "<group>";
		};
		AA3FD60707FCE13D0061F816 = {
			fileEncoding = 30;
			isa = PBXFileReference;
			lastKnownFileType = sourcecode.cpp.cpp;
			path = mpeglayer3.cc;
			refType = 4;
			sourceTree = "<group>";
		};
		AA3FD60907FCE13D0061F816 = {
			fileEncoding = 30;
			isa = PBXFileReference;
			lastKnownFileType = sourcecode.c.h;
			path = mpegsound.h;
			refType = 4;
			sourceTree = "<group>";
		};
		AA3FD60A07FCE13D0061F816 = {
			fileEncoding = 30;
			isa = PBXFileReference;
			lastKnownFileType = sourcecode.c.h;
			path = mpegsound_locals.h;
			refType = 4;
			sourceTree = "<group>";
		};
		AA3FD60B07FCE13D0061F816 = {
			fileEncoding = 30;
			isa = PBXFileReference;
			lastKnownFileType = sourcecode.cpp.cpp;
			path = mpegtable.cc;
			refType = 4;
			sourceTree = "<group>";
		};
		AA3FD60D07FCE13D0061F816 = {
			fileEncoding = 30;
			isa = PBXFileReference;
			lastKnownFileType = sourcecode.cpp.cpp;
			path = mpegtoraw.cc;
			refType = 4;
			sourceTree = "<group>";
		};
		AA3FD60F07FCE13D0061F816 = {
			fileEncoding = 30;
			isa = PBXFileReference;
			lastKnownFileType = text;
			path = README;
			refType = 4;
			sourceTree = "<group>";
		};
		AA3FD61007FCE13D0061F816 = {
			fileEncoding = 30;
			isa = PBXFileReference;
			lastKnownFileType = sourcecode.cpp.cpp;
			path = soundinputstream.cc;
			refType = 4;
			sourceTree = "<group>";
		};
		AA3FD61207FCE13D0061F816 = {
			fileEncoding = 30;
			isa = PBXFileReference;
			lastKnownFileType = sourcecode.cpp.cpp;
			path = soundplayer.cc;
			refType = 4;
			sourceTree = "<group>";
		};
		AA3FD61407FCE13D0061F816 = {
			fileEncoding = 30;
			isa = PBXFileReference;
			lastKnownFileType = sourcecode.cpp.cpp;
			path = linklist.cpp;
			refType = 4;
			sourceTree = "<group>";
		};
		AA3FD61507FCE13D0061F816 = {
			fileEncoding = 30;
			isa = PBXFileReference;
			lastKnownFileType = sourcecode.c.h;
			path = linklist.h;
			refType = 4;
			sourceTree = "<group>";
		};
		AA3FD61B07FCE13D0061F816 = {
			fileEncoding = 30;
			isa = PBXFileReference;
			lastKnownFileType = sourcecode.cpp.cpp;
			path = muse.cpp;
			refType = 4;
			sourceTree = "<group>";
		};
		AA3FD6ED07FCE13D0061F816 = {
			fileEncoding = 30;
			isa = PBXFileReference;
			lastKnownFileType = sourcecode.cpp.cpp;
			path = out_lame.cpp;
			refType = 4;
			sourceTree = "<group>";
		};
		AA3FD6EE07FCE13D0061F816 = {
			fileEncoding = 30;
			isa = PBXFileReference;
			lastKnownFileType = sourcecode.c.h;
			path = out_lame.h;
			refType = 4;
			sourceTree = "<group>";
		};
		AA3FD6F007FCE13D0061F816 = {
			fileEncoding = 30;
			isa = PBXFileReference;
			lastKnownFileType = sourcecode.cpp.cpp;
			path = out_vorbis.cpp;
			refType = 4;
			sourceTree = "<group>";
		};
		AA3FD6F107FCE13D0061F816 = {
			fileEncoding = 30;
			isa = PBXFileReference;
			lastKnownFileType = sourcecode.c.h;
			path = out_vorbis.h;
			refType = 4;
			sourceTree = "<group>";
		};
		AA3FD6F307FCE13D0061F816 = {
			fileEncoding = 30;
			isa = PBXFileReference;
			lastKnownFileType = sourcecode.cpp.cpp;
			path = outchannels.cpp;
			refType = 4;
			sourceTree = "<group>";
		};
		AA3FD6F407FCE13D0061F816 = {
			fileEncoding = 30;
			isa = PBXFileReference;
			lastKnownFileType = sourcecode.c.h;
			path = outchannels.h;
			refType = 4;
			sourceTree = "<group>";
		};
		AA3FD6F707FCE13D0061F816 = {
			fileEncoding = 30;
			isa = PBXFileReference;
			lastKnownFileType = sourcecode.cpp.cpp;
			path = pipe.cpp;
			refType = 4;
			sourceTree = "<group>";
		};
		AA3FD6F807FCE13D0061F816 = {
			fileEncoding = 30;
			isa = PBXFileReference;
			lastKnownFileType = sourcecode.c.h;
			path = pipe.h;
			refType = 4;
			sourceTree = "<group>";
		};
		AA3FD6FA07FCE13D0061F816 = {
			fileEncoding = 30;
			isa = PBXFileReference;
			lastKnownFileType = sourcecode.cpp.cpp;
			path = playlist.cpp;
			refType = 4;
			sourceTree = "<group>";
		};
		AA3FD6FB07FCE13D0061F816 = {
			fileEncoding = 30;
			isa = PBXFileReference;
			lastKnownFileType = sourcecode.c.h;
			path = playlist.h;
			refType = 4;
			sourceTree = "<group>";
		};
		AA3FD6FD07FCE13D0061F816 = {
			children = (
				AA3FD70A07FCE13D0061F816,
				AA3FD70C07FCE13D0061F816,
				AA3FD70D07FCE13D0061F816,
				AA3FD70E07FCE13D0061F816,
				AA3FD71007FCE13D0061F816,
				AA3FD71107FCE13D0061F816,
				AA3FD71307FCE13D0061F816,
				AA3FD71507FCE13D0061F816,
				AA3FD71707FCE13D0061F816,
				AA3FD71807FCE13D0061F816,
				AA3FD71A07FCE13D0061F816,
				AA3FD71B07FCE13D0061F816,
				AA3FD71D07FCE13D0061F816,
				AA3FD71F07FCE13D0061F816,
				AA3FD72407FCE13D0061F816,
				AA3FD72507FCE13E0061F816,
				AA3FD72607FCE13E0061F816,
				AA3FD72707FCE13E0061F816,
			);
			isa = PBXGroup;
			path = portaudio;
			refType = 4;
			sourceTree = "<group>";
		};
		AA3FD70A07FCE13D0061F816 = {
			fileEncoding = 30;
			isa = PBXFileReference;
			lastKnownFileType = text;
			path = LICENSE;
			refType = 4;
			sourceTree = "<group>";
		};
		AA3FD70C07FCE13D0061F816 = {
			fileEncoding = 30;
			isa = PBXFileReference;
			lastKnownFileType = text;
			path = Makefile.am;
			refType = 4;
			sourceTree = "<group>";
		};
		AA3FD70D07FCE13D0061F816 = {
			fileEncoding = 30;
			isa = PBXFileReference;
			lastKnownFileType = text;
			path = Makefile.in;
			refType = 4;
			sourceTree = "<group>";
		};
		AA3FD70E07FCE13D0061F816 = {
			fileEncoding = 30;
			isa = PBXFileReference;
			lastKnownFileType = sourcecode.c.c;
			path = pa_convert.c;
			refType = 4;
			sourceTree = "<group>";
		};
		AA3FD71007FCE13D0061F816 = {
			fileEncoding = 30;
			isa = PBXFileReference;
			lastKnownFileType = sourcecode.c.h;
			path = pa_host.h;
			refType = 4;
			sourceTree = "<group>";
		};
		AA3FD71107FCE13D0061F816 = {
			fileEncoding = 30;
			isa = PBXFileReference;
			lastKnownFileType = sourcecode.c.c;
			path = pa_lib.c;
			refType = 4;
			sourceTree = "<group>";
		};
		AA3FD71307FCE13D0061F816 = {
			fileEncoding = 30;
			isa = PBXFileReference;
			lastKnownFileType = sourcecode.c.c;
			path = pa_mac.c;
			refType = 4;
			sourceTree = "<group>";
		};
		AA3FD71507FCE13D0061F816 = {
			fileEncoding = 30;
			isa = PBXFileReference;
			lastKnownFileType = sourcecode.c.c;
			path = pa_mac_core.c;
			refType = 4;
			sourceTree = "<group>";
		};
		AA3FD71707FCE13D0061F816 = {
			fileEncoding = 30;
			isa = PBXFileReference;
			lastKnownFileType = sourcecode.c.c;
			path = pa_trace.c;
			refType = 4;
			sourceTree = "<group>";
		};
		AA3FD71807FCE13D0061F816 = {
			fileEncoding = 30;
			isa = PBXFileReference;
			lastKnownFileType = sourcecode.c.h;
			path = pa_trace.h;
			refType = 4;
			sourceTree = "<group>";
		};
		AA3FD71A07FCE13D0061F816 = {
			fileEncoding = 30;
			isa = PBXFileReference;
			lastKnownFileType = sourcecode.c.c;
			path = pa_unix.c;
			refType = 4;
			sourceTree = "<group>";
		};
		AA3FD71B07FCE13D0061F816 = {
			fileEncoding = 30;
			isa = PBXFileReference;
			lastKnownFileType = sourcecode.c.h;
			path = pa_unix.h;
			refType = 4;
			sourceTree = "<group>";
		};
		AA3FD71D07FCE13D0061F816 = {
			fileEncoding = 30;
			isa = PBXFileReference;
			lastKnownFileType = sourcecode.c.c;
			path = pa_unix_oss.c;
			refType = 4;
			sourceTree = "<group>";
		};
		AA3FD71F07FCE13D0061F816 = {
			fileEncoding = 30;
			isa = PBXFileReference;
			lastKnownFileType = sourcecode.c.c;
			path = pa_unix_solaris.c;
			refType = 4;
			sourceTree = "<group>";
		};
		AA3FD72407FCE13D0061F816 = {
			fileEncoding = 30;
			isa = PBXFileReference;
			lastKnownFileType = sourcecode.c.h;
			path = portaudio.h;
			refType = 4;
			sourceTree = "<group>";
		};
		AA3FD72507FCE13E0061F816 = {
			fileEncoding = 30;
			isa = PBXFileReference;
			lastKnownFileType = text;
			path = README;
			refType = 4;
			sourceTree = "<group>";
		};
		AA3FD72607FCE13E0061F816 = {
			fileEncoding = 30;
			isa = PBXFileReference;
			lastKnownFileType = sourcecode.c.c;
			path = ringbuffer.c;
			refType = 4;
			sourceTree = "<group>";
		};
		AA3FD72707FCE13E0061F816 = {
			fileEncoding = 30;
			isa = PBXFileReference;
			lastKnownFileType = sourcecode.c.h;
			path = ringbuffer.h;
			refType = 4;
			sourceTree = "<group>";
		};
		AA3FD72907FCE13E0061F816 = {
			fileEncoding = 30;
			isa = PBXFileReference;
			lastKnownFileType = sourcecode.cpp.cpp;
			path = profile.cpp;
			refType = 4;
			sourceTree = "<group>";
		};
		AA3FD72A07FCE13E0061F816 = {
			fileEncoding = 30;
			isa = PBXFileReference;
			lastKnownFileType = sourcecode.c.h;
			path = profile.h;
			refType = 4;
			sourceTree = "<group>";
		};
		AA3FD72B07FCE13E0061F816 = {
			fileEncoding = 30;
			isa = PBXFileReference;
			lastKnownFileType = sourcecode.cpp.cpp;
			path = radiosched.cpp;
			refType = 4;
			sourceTree = "<group>";
		};
		AA3FD72C07FCE13E0061F816 = {
			fileEncoding = 30;
			isa = PBXFileReference;
			lastKnownFileType = sourcecode.c.h;
			path = radiosched.h;
			refType = 4;
			sourceTree = "<group>";
		};
		AA3FD72E07FCE13E0061F816 = {
			children = (
				AA3FD73407FCE13E0061F816,
				AA3FD73507FCE13E0061F816,
				AA3FD73607FCE13E0061F816,
				AA3FD73707FCE13E0061F816,
				AA3FD73807FCE13E0061F816,
				AA3FD73907FCE13E0061F816,
				AA3FD73E07FCE13E0061F816,
				AA3FD74007FCE13E0061F816,
				AA3FD74107FCE13E0061F816,
				AA3FD74307FCE13E0061F816,
				AA3FD74507FCE13E0061F816,
				AA3FD74707FCE13E0061F816,
			);
			isa = PBXGroup;
			path = resample;
			refType = 4;
			sourceTree = "<group>";
		};
		AA3FD73407FCE13E0061F816 = {
			fileEncoding = 30;
			isa = PBXFileReference;
			lastKnownFileType = text;
			path = AUTHORS;
			refType = 4;
			sourceTree = "<group>";
		};
		AA3FD73507FCE13E0061F816 = {
			fileEncoding = 30;
			isa = PBXFileReference;
			lastKnownFileType = sourcecode.c.h;
			path = common.h;
			refType = 4;
			sourceTree = "<group>";
		};
		AA3FD73607FCE13E0061F816 = {
			fileEncoding = 30;
			isa = PBXFileReference;
			lastKnownFileType = text;
			path = COPYING;
			refType = 4;
			sourceTree = "<group>";
		};
		AA3FD73707FCE13E0061F816 = {
			fileEncoding = 30;
			isa = PBXFileReference;
			lastKnownFileType = sourcecode.c.h;
			path = fastest_coeffs.h;
			refType = 4;
			sourceTree = "<group>";
		};
		AA3FD73807FCE13E0061F816 = {
			fileEncoding = 30;
			isa = PBXFileReference;
			lastKnownFileType = sourcecode.c.h;
			path = float_cast.h;
			refType = 4;
			sourceTree = "<group>";
		};
		AA3FD73907FCE13E0061F816 = {
			fileEncoding = 30;
			isa = PBXFileReference;
			lastKnownFileType = sourcecode.c.h;
			path = high_qual_coeffs.h;
			refType = 4;
			sourceTree = "<group>";
		};
		AA3FD73E07FCE13E0061F816 = {
			fileEncoding = 30;
			isa = PBXFileReference;
			lastKnownFileType = sourcecode.c.h;
			path = mid_qual_coeffs.h;
			refType = 4;
			sourceTree = "<group>";
		};
		AA3FD74007FCE13E0061F816 = {
			fileEncoding = 30;
			isa = PBXFileReference;
			lastKnownFileType = sourcecode.c.c;
			path = samplerate.c;
			refType = 4;
			sourceTree = "<group>";
		};
		AA3FD74107FCE13E0061F816 = {
			fileEncoding = 30;
			isa = PBXFileReference;
			lastKnownFileType = sourcecode.c.h;
			path = samplerate.h;
			refType = 4;
			sourceTree = "<group>";
		};
		AA3FD74307FCE13E0061F816 = {
			fileEncoding = 30;
			isa = PBXFileReference;
			lastKnownFileType = sourcecode.c.c;
			path = src_linear.c;
			refType = 4;
			sourceTree = "<group>";
		};
		AA3FD74507FCE13E0061F816 = {
			fileEncoding = 30;
			isa = PBXFileReference;
			lastKnownFileType = sourcecode.c.c;
			path = src_sinc.c;
			refType = 4;
			sourceTree = "<group>";
		};
		AA3FD74707FCE13E0061F816 = {
			fileEncoding = 30;
			isa = PBXFileReference;
			lastKnownFileType = sourcecode.c.c;
			path = src_zoh.c;
			refType = 4;
			sourceTree = "<group>";
		};
		AA3FD74907FCE13E0061F816 = {
			fileEncoding = 30;
			isa = PBXFileReference;
			lastKnownFileType = sourcecode.c.h;
			path = resarr160to441.h;
			refType = 4;
			sourceTree = "<group>";
		};
		AA3FD74A07FCE13E0061F816 = {
			fileEncoding = 30;
			isa = PBXFileReference;
			lastKnownFileType = sourcecode.c.h;
			path = resarr320to441.h;
			refType = 4;
			sourceTree = "<group>";
		};
		AA3FD74C07FCE13E0061F816 = {
			children = (
				AA3FD75807FCE13E0061F816,
				AA3FD75907FCE13E0061F816,
				AA3FD75D07FCE13E0061F816,
				AA3FD75E07FCE13E0061F816,
				AA3FD76407FCE13E0061F816,
				AA3FD76707FCE13E0061F816,
				AA3FD76807FCE13E0061F816,
				AA3FD76A07FCE13E0061F816,
				AA3FD76B07FCE13E0061F816,
				AA3FD76D07FCE13E0061F816,
				AA3FD76E07FCE13E0061F816,
				AA3FD76F07FCE13E0061F816,
				AA3FD77107FCE13E0061F816,
				AA3FD77207FCE13E0061F816,
				AA3FD77407FCE13E0061F816,
				AA3FD77507FCE13E0061F816,
				AA3FD77707FCE13E0061F816,
				AA3FD77807FCE13E0061F816,
				AA3FD77A07FCE13E0061F816,
			);
			isa = PBXGroup;
			path = shout;
			refType = 4;
			sourceTree = "<group>";
		};
		AA3FD75807FCE13E0061F816 = {
			fileEncoding = 30;
			isa = PBXFileReference;
			lastKnownFileType = sourcecode.c.c;
			path = avl.c;
			refType = 4;
			sourceTree = "<group>";
		};
		AA3FD75907FCE13E0061F816 = {
			fileEncoding = 30;
			isa = PBXFileReference;
			lastKnownFileType = sourcecode.c.h;
			path = avl.h;
			refType = 4;
			sourceTree = "<group>";
		};
		AA3FD75D07FCE13E0061F816 = {
			fileEncoding = 30;
			isa = PBXFileReference;
			lastKnownFileType = sourcecode.c.c;
			path = httpp.c;
			refType = 4;
			sourceTree = "<group>";
		};
		AA3FD75E07FCE13E0061F816 = {
			fileEncoding = 30;
			isa = PBXFileReference;
			lastKnownFileType = sourcecode.c.h;
			path = httpp.h;
			refType = 4;
			sourceTree = "<group>";
		};
		AA3FD76407FCE13E0061F816 = {
			fileEncoding = 30;
			isa = PBXFileReference;
			lastKnownFileType = sourcecode.c.c;
			path = mp3.c;
			refType = 4;
			sourceTree = "<group>";
		};
		AA3FD76707FCE13E0061F816 = {
			fileEncoding = 30;
			isa = PBXFileReference;
			lastKnownFileType = sourcecode.c.c;
			path = resolver.c;
			refType = 4;
			sourceTree = "<group>";
		};
		AA3FD76807FCE13E0061F816 = {
			fileEncoding = 30;
			isa = PBXFileReference;
			lastKnownFileType = sourcecode.c.h;
			path = resolver.h;
			refType = 4;
			sourceTree = "<group>";
		};
		AA3FD76A07FCE13E0061F816 = {
			fileEncoding = 30;
			isa = PBXFileReference;
			lastKnownFileType = sourcecode.c.c;
			path = shout.c;
			refType = 4;
			sourceTree = "<group>";
		};
		AA3FD76B07FCE13E0061F816 = {
			fileEncoding = 30;
			isa = PBXFileReference;
			lastKnownFileType = sourcecode.c.h;
			path = shout.h;
			refType = 4;
			sourceTree = "<group>";
		};
		AA3FD76D07FCE13E0061F816 = {
			fileEncoding = 30;
			isa = PBXFileReference;
			lastKnownFileType = sourcecode.c.h;
			path = shout_private.h;
			refType = 4;
			sourceTree = "<group>";
		};
		AA3FD76E07FCE13E0061F816 = {
			fileEncoding = 30;
			isa = PBXFileReference;
			lastKnownFileType = sourcecode.c.c;
			path = sock.c;
			refType = 4;
			sourceTree = "<group>";
		};
		AA3FD76F07FCE13E0061F816 = {
			fileEncoding = 30;
			isa = PBXFileReference;
			lastKnownFileType = sourcecode.c.h;
			path = sock.h;
			refType = 4;
			sourceTree = "<group>";
		};
		AA3FD77107FCE13E0061F816 = {
			fileEncoding = 30;
			isa = PBXFileReference;
			lastKnownFileType = sourcecode.c.c;
			path = thread.c;
			refType = 4;
			sourceTree = "<group>";
		};
		AA3FD77207FCE13E0061F816 = {
			fileEncoding = 30;
			isa = PBXFileReference;
			lastKnownFileType = sourcecode.c.h;
			path = thread.h;
			refType = 4;
			sourceTree = "<group>";
		};
		AA3FD77407FCE13E0061F816 = {
			fileEncoding = 30;
			isa = PBXFileReference;
			lastKnownFileType = sourcecode.c.c;
			path = timing.c;
			refType = 4;
			sourceTree = "<group>";
		};
		AA3FD77507FCE13E0061F816 = {
			fileEncoding = 30;
			isa = PBXFileReference;
			lastKnownFileType = sourcecode.c.h;
			path = timing.h;
			refType = 4;
			sourceTree = "<group>";
		};
		AA3FD77707FCE13E0061F816 = {
			fileEncoding = 30;
			isa = PBXFileReference;
			lastKnownFileType = sourcecode.c.c;
			path = util.c;
			refType = 4;
			sourceTree = "<group>";
		};
		AA3FD77807FCE13E0061F816 = {
			fileEncoding = 30;
			isa = PBXFileReference;
			lastKnownFileType = sourcecode.c.h;
			path = util.h;
			refType = 4;
			sourceTree = "<group>";
		};
		AA3FD77A07FCE13E0061F816 = {
			fileEncoding = 30;
			isa = PBXFileReference;
			lastKnownFileType = sourcecode.c.c;
			path = vorbis.c;
			refType = 4;
			sourceTree = "<group>";
		};
		AA3FD77C07FCE13E0061F816 = {
			fileEncoding = 30;
			isa = PBXFileReference;
			lastKnownFileType = sourcecode.cpp.cpp;
			path = shouter.cpp;
			refType = 4;
			sourceTree = "<group>";
		};
		AA3FD77D07FCE13E0061F816 = {
			fileEncoding = 30;
			isa = PBXFileReference;
			lastKnownFileType = sourcecode.c.h;
			path = shouter.h;
			refType = 4;
			sourceTree = "<group>";
		};
		AA3FD77F07FCE13E0061F816 = {
			fileEncoding = 30;
			isa = PBXFileReference;
			lastKnownFileType = sourcecode.c.c;
			path = vumeter.c;
			refType = 4;
			sourceTree = "<group>";
		};
		AA3FD79807FCE13E0061F816 = {
			fileRef = AA3FD4DD07FCE13D0061F816;
			isa = PBXBuildFile;
			settings = {
			};
		};
		AA3FD79907FCE13E0061F816 = {
			fileRef = AA3FD4DE07FCE13D0061F816;
			isa = PBXBuildFile;
			settings = {
			};
		};
		AA3FD79B07FCE13E0061F816 = {
			fileRef = AA3FD4E007FCE13D0061F816;
			isa = PBXBuildFile;
			settings = {
			};
		};
		AA3FD79C07FCE13E0061F816 = {
			fileRef = AA3FD4E107FCE13D0061F816;
			isa = PBXBuildFile;
			settings = {
			};
		};
		AA3FD79E07FCE13E0061F816 = {
			fileRef = AA3FD4E307FCE13D0061F816;
			isa = PBXBuildFile;
			settings = {
			};
		};
		AA3FD79F07FCE13E0061F816 = {
			fileRef = AA3FD4E407FCE13D0061F816;
			isa = PBXBuildFile;
			settings = {
			};
		};
		AA3FD7A107FCE13E0061F816 = {
			fileRef = AA3FD4E607FCE13D0061F816;
			isa = PBXBuildFile;
			settings = {
			};
		};
		AA3FD7A207FCE13E0061F816 = {
			fileRef = AA3FD4E707FCE13D0061F816;
			isa = PBXBuildFile;
			settings = {
			};
		};
		AA3FD7A407FCE13E0061F816 = {
			fileRef = AA3FD4E907FCE13D0061F816;
			isa = PBXBuildFile;
			settings = {
			};
		};
		AA3FD7A507FCE13E0061F816 = {
			fileRef = AA3FD4EA07FCE13D0061F816;
			isa = PBXBuildFile;
			settings = {
			};
		};
		AA3FD7A707FCE13E0061F816 = {
			fileRef = AA3FD4EC07FCE13D0061F816;
			isa = PBXBuildFile;
			settings = {
			};
		};
		AA3FD7A807FCE13E0061F816 = {
			fileRef = AA3FD4ED07FCE13D0061F816;
			isa = PBXBuildFile;
			settings = {
			};
		};
		AA3FD7AA07FCE13E0061F816 = {
			fileRef = AA3FD4EF07FCE13D0061F816;
			isa = PBXBuildFile;
			settings = {
			};
		};
		AA3FD7AB07FCE13E0061F816 = {
			fileRef = AA3FD4F007FCE13D0061F816;
			isa = PBXBuildFile;
			settings = {
			};
		};
		AA3FD7AD07FCE13E0061F816 = {
			fileRef = AA3FD4F207FCE13D0061F816;
			isa = PBXBuildFile;
			settings = {
			};
		};
		AA3FD88507FCE1400061F816 = {
			fileRef = AA3FD5D207FCE13D0061F816;
			isa = PBXBuildFile;
			settings = {
			};
		};
		AA3FD88607FCE1400061F816 = {
			fileRef = AA3FD5D307FCE13D0061F816;
			isa = PBXBuildFile;
			settings = {
			};
		};
		AA3FD88807FCE1400061F816 = {
			fileRef = AA3FD5D507FCE13D0061F816;
			isa = PBXBuildFile;
			settings = {
			};
		};
		AA3FD88907FCE1400061F816 = {
			fileRef = AA3FD5D607FCE13D0061F816;
			isa = PBXBuildFile;
			settings = {
			};
		};
		AA3FD88B07FCE1400061F816 = {
			fileRef = AA3FD5D807FCE13D0061F816;
			isa = PBXBuildFile;
			settings = {
			};
		};
		AA3FD88C07FCE1400061F816 = {
			fileRef = AA3FD5D907FCE13D0061F816;
			isa = PBXBuildFile;
			settings = {
			};
		};
		AA3FD88E07FCE1400061F816 = {
			fileRef = AA3FD5DB07FCE13D0061F816;
			isa = PBXBuildFile;
			settings = {
			};
		};
		AA3FD88F07FCE1400061F816 = {
			fileRef = AA3FD5DC07FCE13D0061F816;
			isa = PBXBuildFile;
			settings = {
			};
		};
		AA3FD89107FCE1400061F816 = {
			fileRef = AA3FD5DE07FCE13D0061F816;
			isa = PBXBuildFile;
			settings = {
			};
		};
		AA3FD89207FCE1400061F816 = {
			fileRef = AA3FD5DF07FCE13D0061F816;
			isa = PBXBuildFile;
			settings = {
			};
		};
		AA3FD8A207FCE1400061F816 = {
			fileRef = AA3FD5F107FCE13D0061F816;
			isa = PBXBuildFile;
			settings = {
			};
		};
		AA3FD8A507FCE1400061F816 = {
			fileRef = AA3FD5F407FCE13D0061F816;
			isa = PBXBuildFile;
			settings = {
			};
		};
		AA3FD8A707FCE1400061F816 = {
			fileRef = AA3FD5F607FCE13D0061F816;
			isa = PBXBuildFile;
			settings = {
			};
		};
		AA3FD8A807FCE1400061F816 = {
			fileRef = AA3FD5F707FCE13D0061F816;
			isa = PBXBuildFile;
			settings = {
			};
		};
		AA3FD8AA07FCE1400061F816 = {
			fileRef = AA3FD5F907FCE13D0061F816;
			isa = PBXBuildFile;
			settings = {
			};
		};
		AA3FD8AC07FCE1400061F816 = {
			fileRef = AA3FD5FB07FCE13D0061F816;
			isa = PBXBuildFile;
			settings = {
			};
		};
		AA3FD8AE07FCE1400061F816 = {
			fileRef = AA3FD5FD07FCE13D0061F816;
			isa = PBXBuildFile;
			settings = {
			};
		};
		AA3FD8B407FCE1400061F816 = {
			fileRef = AA3FD60307FCE13D0061F816;
			isa = PBXBuildFile;
			settings = {
			};
		};
		AA3FD8B607FCE1400061F816 = {
			fileRef = AA3FD60507FCE13D0061F816;
			isa = PBXBuildFile;
			settings = {
			};
		};
		AA3FD8B807FCE1400061F816 = {
			fileRef = AA3FD60707FCE13D0061F816;
			isa = PBXBuildFile;
			settings = {
			};
		};
		AA3FD8BA07FCE1400061F816 = {
			fileRef = AA3FD60907FCE13D0061F816;
			isa = PBXBuildFile;
			settings = {
			};
		};
		AA3FD8BB07FCE1400061F816 = {
			fileRef = AA3FD60A07FCE13D0061F816;
			isa = PBXBuildFile;
			settings = {
			};
		};
		AA3FD8BC07FCE1400061F816 = {
			fileRef = AA3FD60B07FCE13D0061F816;
			isa = PBXBuildFile;
			settings = {
			};
		};
		AA3FD8BE07FCE1400061F816 = {
			fileRef = AA3FD60D07FCE13D0061F816;
			isa = PBXBuildFile;
			settings = {
			};
		};
		AA3FD8C107FCE1400061F816 = {
			fileRef = AA3FD61007FCE13D0061F816;
			isa = PBXBuildFile;
			settings = {
			};
		};
		AA3FD8C307FCE1400061F816 = {
			fileRef = AA3FD61207FCE13D0061F816;
			isa = PBXBuildFile;
			settings = {
			};
		};
		AA3FD8C507FCE1400061F816 = {
			fileRef = AA3FD61407FCE13D0061F816;
			isa = PBXBuildFile;
			settings = {
			};
		};
		AA3FD8C607FCE1400061F816 = {
			fileRef = AA3FD61507FCE13D0061F816;
			isa = PBXBuildFile;
			settings = {
			};
		};
		AA3FD8CC07FCE1400061F816 = {
			fileRef = AA3FD61B07FCE13D0061F816;
			isa = PBXBuildFile;
			settings = {
			};
		};
		AA3FD99907FCE1410061F816 = {
			fileRef = AA3FD6ED07FCE13D0061F816;
			isa = PBXBuildFile;
			settings = {
			};
		};
		AA3FD99A07FCE1410061F816 = {
			fileRef = AA3FD6EE07FCE13D0061F816;
			isa = PBXBuildFile;
			settings = {
			};
		};
		AA3FD99C07FCE1410061F816 = {
			fileRef = AA3FD6F007FCE13D0061F816;
			isa = PBXBuildFile;
			settings = {
			};
		};
		AA3FD99D07FCE1410061F816 = {
			fileRef = AA3FD6F107FCE13D0061F816;
			isa = PBXBuildFile;
			settings = {
			};
		};
		AA3FD99F07FCE1410061F816 = {
			fileRef = AA3FD6F307FCE13D0061F816;
			isa = PBXBuildFile;
			settings = {
			};
		};
		AA3FD9A007FCE1410061F816 = {
			fileRef = AA3FD6F407FCE13D0061F816;
			isa = PBXBuildFile;
			settings = {
			};
		};
		AA3FD9A307FCE1410061F816 = {
			fileRef = AA3FD6F707FCE13D0061F816;
			isa = PBXBuildFile;
			settings = {
			};
		};
		AA3FD9A407FCE1410061F816 = {
			fileRef = AA3FD6F807FCE13D0061F816;
			isa = PBXBuildFile;
			settings = {
			};
		};
		AA3FD9A607FCE1410061F816 = {
			fileRef = AA3FD6FA07FCE13D0061F816;
			isa = PBXBuildFile;
			settings = {
			};
		};
		AA3FD9A707FCE1410061F816 = {
			fileRef = AA3FD6FB07FCE13D0061F816;
			isa = PBXBuildFile;
			settings = {
			};
		};
		AA3FD9B807FCE1410061F816 = {
			fileRef = AA3FD70E07FCE13D0061F816;
			isa = PBXBuildFile;
			settings = {
			};
		};
		AA3FD9BA07FCE1410061F816 = {
			fileRef = AA3FD71007FCE13D0061F816;
			isa = PBXBuildFile;
			settings = {
			};
		};
		AA3FD9BB07FCE1410061F816 = {
			fileRef = AA3FD71107FCE13D0061F816;
			isa = PBXBuildFile;
			settings = {
			};
		};
		AA3FD9BD07FCE1410061F816 = {
			fileRef = AA3FD71307FCE13D0061F816;
			isa = PBXBuildFile;
			settings = {
			};
		};
		AA3FD9BF07FCE1410061F816 = {
			fileRef = AA3FD71507FCE13D0061F816;
			isa = PBXBuildFile;
			settings = {
			};
		};
		AA3FD9C107FCE1410061F816 = {
			fileRef = AA3FD71707FCE13D0061F816;
			isa = PBXBuildFile;
			settings = {
			};
		};
		AA3FD9C207FCE1410061F816 = {
			fileRef = AA3FD71807FCE13D0061F816;
			isa = PBXBuildFile;
			settings = {
			};
		};
		AA3FD9C407FCE1410061F816 = {
			fileRef = AA3FD71A07FCE13D0061F816;
			isa = PBXBuildFile;
			settings = {
			};
		};
		AA3FD9C507FCE1410061F816 = {
			fileRef = AA3FD71B07FCE13D0061F816;
			isa = PBXBuildFile;
			settings = {
			};
		};
		AA3FD9C707FCE1410061F816 = {
			fileRef = AA3FD71D07FCE13D0061F816;
			isa = PBXBuildFile;
			settings = {
			};
		};
		AA3FD9C907FCE1410061F816 = {
			fileRef = AA3FD71F07FCE13D0061F816;
			isa = PBXBuildFile;
			settings = {
			};
		};
		AA3FD9CE07FCE1410061F816 = {
			fileRef = AA3FD72407FCE13D0061F816;
			isa = PBXBuildFile;
			settings = {
			};
		};
		AA3FD9D007FCE1410061F816 = {
			fileRef = AA3FD72607FCE13E0061F816;
			isa = PBXBuildFile;
			settings = {
			};
		};
		AA3FD9D107FCE1410061F816 = {
			fileRef = AA3FD72707FCE13E0061F816;
			isa = PBXBuildFile;
			settings = {
			};
		};
		AA3FD9D307FCE1410061F816 = {
			fileRef = AA3FD72907FCE13E0061F816;
			isa = PBXBuildFile;
			settings = {
			};
		};
		AA3FD9D407FCE1410061F816 = {
			fileRef = AA3FD72A07FCE13E0061F816;
			isa = PBXBuildFile;
			settings = {
			};
		};
		AA3FD9D507FCE1410061F816 = {
			fileRef = AA3FD72B07FCE13E0061F816;
			isa = PBXBuildFile;
			settings = {
			};
		};
		AA3FD9D607FCE1410061F816 = {
			fileRef = AA3FD72C07FCE13E0061F816;
			isa = PBXBuildFile;
			settings = {
			};
		};
		AA3FD9DD07FCE1410061F816 = {
			fileRef = AA3FD73507FCE13E0061F816;
			isa = PBXBuildFile;
			settings = {
			};
		};
		AA3FD9DF07FCE1410061F816 = {
			fileRef = AA3FD73707FCE13E0061F816;
			isa = PBXBuildFile;
			settings = {
			};
		};
		AA3FD9E007FCE1410061F816 = {
			fileRef = AA3FD73807FCE13E0061F816;
			isa = PBXBuildFile;
			settings = {
			};
		};
		AA3FD9E107FCE1410061F816 = {
			fileRef = AA3FD73907FCE13E0061F816;
			isa = PBXBuildFile;
			settings = {
			};
		};
		AA3FD9E607FCE1410061F816 = {
			fileRef = AA3FD73E07FCE13E0061F816;
			isa = PBXBuildFile;
			settings = {
			};
		};
		AA3FD9E807FCE1410061F816 = {
			fileRef = AA3FD74007FCE13E0061F816;
			isa = PBXBuildFile;
			settings = {
			};
		};
		AA3FD9E907FCE1410061F816 = {
			fileRef = AA3FD74107FCE13E0061F816;
			isa = PBXBuildFile;
			settings = {
			};
		};
		AA3FD9EB07FCE1410061F816 = {
			fileRef = AA3FD74307FCE13E0061F816;
			isa = PBXBuildFile;
			settings = {
			};
		};
		AA3FD9ED07FCE1410061F816 = {
			fileRef = AA3FD74507FCE13E0061F816;
			isa = PBXBuildFile;
			settings = {
			};
		};
		AA3FD9EF07FCE1410061F816 = {
			fileRef = AA3FD74707FCE13E0061F816;
			isa = PBXBuildFile;
			settings = {
			};
		};
		AA3FD9F107FCE1410061F816 = {
			fileRef = AA3FD74907FCE13E0061F816;
			isa = PBXBuildFile;
			settings = {
			};
		};
		AA3FD9F207FCE1410061F816 = {
			fileRef = AA3FD74A07FCE13E0061F816;
			isa = PBXBuildFile;
			settings = {
			};
		};
		AA3FD9FE07FCE1410061F816 = {
			fileRef = AA3FD75807FCE13E0061F816;
			isa = PBXBuildFile;
			settings = {
			};
		};
		AA3FD9FF07FCE1410061F816 = {
			fileRef = AA3FD75907FCE13E0061F816;
			isa = PBXBuildFile;
			settings = {
			};
		};
		AA3FDA0307FCE1410061F816 = {
			fileRef = AA3FD75D07FCE13E0061F816;
			isa = PBXBuildFile;
			settings = {
			};
		};
		AA3FDA0407FCE1410061F816 = {
			fileRef = AA3FD75E07FCE13E0061F816;
			isa = PBXBuildFile;
			settings = {
			};
		};
		AA3FDA0A07FCE1410061F816 = {
			fileRef = AA3FD76407FCE13E0061F816;
			isa = PBXBuildFile;
			settings = {
			};
		};
		AA3FDA0D07FCE1410061F816 = {
			fileRef = AA3FD76707FCE13E0061F816;
			isa = PBXBuildFile;
			settings = {
			};
		};
		AA3FDA0E07FCE1410061F816 = {
			fileRef = AA3FD76807FCE13E0061F816;
			isa = PBXBuildFile;
			settings = {
			};
		};
		AA3FDA1007FCE1410061F816 = {
			fileRef = AA3FD76A07FCE13E0061F816;
			isa = PBXBuildFile;
			settings = {
			};
		};
		AA3FDA1107FCE1410061F816 = {
			fileRef = AA3FD76B07FCE13E0061F816;
			isa = PBXBuildFile;
			settings = {
			};
		};
		AA3FDA1307FCE1410061F816 = {
			fileRef = AA3FD76D07FCE13E0061F816;
			isa = PBXBuildFile;
			settings = {
			};
		};
		AA3FDA1407FCE1410061F816 = {
			fileRef = AA3FD76E07FCE13E0061F816;
			isa = PBXBuildFile;
			settings = {
			};
		};
		AA3FDA1507FCE1410061F816 = {
			fileRef = AA3FD76F07FCE13E0061F816;
			isa = PBXBuildFile;
			settings = {
			};
		};
		AA3FDA1707FCE1410061F816 = {
			fileRef = AA3FD77107FCE13E0061F816;
			isa = PBXBuildFile;
			settings = {
			};
		};
		AA3FDA1807FCE1410061F816 = {
			fileRef = AA3FD77207FCE13E0061F816;
			isa = PBXBuildFile;
			settings = {
			};
		};
		AA3FDA1A07FCE1410061F816 = {
			fileRef = AA3FD77407FCE13E0061F816;
			isa = PBXBuildFile;
			settings = {
			};
		};
		AA3FDA1B07FCE1410061F816 = {
			fileRef = AA3FD77507FCE13E0061F816;
			isa = PBXBuildFile;
			settings = {
			};
		};
		AA3FDA1D07FCE1410061F816 = {
			fileRef = AA3FD77707FCE13E0061F816;
			isa = PBXBuildFile;
			settings = {
			};
		};
		AA3FDA1E07FCE1410061F816 = {
			fileRef = AA3FD77807FCE13E0061F816;
			isa = PBXBuildFile;
			settings = {
			};
		};
		AA3FDA2007FCE1410061F816 = {
			fileRef = AA3FD77A07FCE13E0061F816;
			isa = PBXBuildFile;
			settings = {
			};
		};
		AA3FDA2207FCE1410061F816 = {
			fileRef = AA3FD77C07FCE13E0061F816;
			isa = PBXBuildFile;
			settings = {
			};
		};
		AA3FDA2307FCE1410061F816 = {
			fileRef = AA3FD77D07FCE13E0061F816;
			isa = PBXBuildFile;
			settings = {
			};
		};
		AA3FDA2507FCE1410061F816 = {
			fileRef = AA3FD77F07FCE13E0061F816;
			isa = PBXBuildFile;
			settings = {
			};
		};
		AA3FDA5607FD59300061F816 = {
			fileEncoding = 30;
			isa = PBXFileReference;
			lastKnownFileType = sourcecode.c.h;
			path = config.h;
			refType = 2;
			sourceTree = SOURCE_ROOT;
		};
		AA3FDA5707FD59300061F816 = {
			fileRef = AA3FDA5607FD59300061F816;
			isa = PBXBuildFile;
			settings = {
			};
		};
		AA4C3A7D07FEBC9B00E15170 = {
			fileEncoding = 4;
			isa = PBXFileReference;
			lastKnownFileType = sourcecode.c.h;
			path = carbon_channel.h;
			refType = 4;
			sourceTree = "<group>";
		};
		AA4C3A7E07FEBC9B00E15170 = {
			fileEncoding = 4;
			isa = PBXFileReference;
			lastKnownFileType = sourcecode.cpp.cpp;
			path = carbon_channel.cpp;
			refType = 4;
			sourceTree = "<group>";
		};
		AA4C3A7F07FEBC9B00E15170 = {
			fileRef = AA4C3A7D07FEBC9B00E15170;
			isa = PBXBuildFile;
			settings = {
			};
		};
		AA4C3A8007FEBC9B00E15170 = {
			fileRef = AA4C3A7E07FEBC9B00E15170;
			isa = PBXBuildFile;
			settings = {
			};
		};
		AA5F43EE07FCC22C001D1B1A = {
			isa = PBXFileReference;
			lastKnownFileType = archive.rsrc;
			path = muse_icons.rsrc;
			refType = 4;
			sourceTree = "<group>";
		};
		AA5F43EF07FCC22C001D1B1A = {
			fileRef = AA5F43EE07FCC22C001D1B1A;
			isa = PBXBuildFile;
			settings = {
			};
		};
		AA761B560805AFB8003C6E4A = {
			fileEncoding = 4;
			isa = PBXFileReference;
			lastKnownFileType = sourcecode.c.h;
			path = carbon_message.h;
			refType = 4;
			sourceTree = "<group>";
		};
		AA761B570805AFB8003C6E4A = {
			fileEncoding = 4;
			isa = PBXFileReference;
			lastKnownFileType = sourcecode.cpp.cpp;
			path = carbon_message.cpp;
			refType = 4;
			sourceTree = "<group>";
		};
		AA761B580805AFB8003C6E4A = {
			fileRef = AA761B560805AFB8003C6E4A;
			isa = PBXBuildFile;
			settings = {
			};
		};
		AA761B590805AFB8003C6E4A = {
			fileRef = AA761B570805AFB8003C6E4A;
			isa = PBXBuildFile;
			settings = {
			};
		};
		AA8D1B8E080B57B900193C49 = {
			fileEncoding = 4;
			isa = PBXFileReference;
			lastKnownFileType = sourcecode.c.h;
			path = carbon_stream.h;
			refType = 4;
			sourceTree = "<group>";
		};
		AA8D1B8F080B57B900193C49 = {
			fileEncoding = 4;
			isa = PBXFileReference;
			lastKnownFileType = sourcecode.cpp.cpp;
			path = carbon_stream.cpp;
			refType = 4;
			sourceTree = "<group>";
		};
		AA8D1B90080B57B900193C49 = {
			fileRef = AA8D1B8E080B57B900193C49;
			isa = PBXBuildFile;
			settings = {
			};
		};
		AA8D1B91080B57B900193C49 = {
			fileRef = AA8D1B8F080B57B900193C49;
			isa = PBXBuildFile;
			settings = {
			};
		};
		AA95A42B0815CD1A001BF965 = {
			fileEncoding = 4;
			isa = PBXFileReference;
			lastKnownFileType = sourcecode.c.h;
			path = open_dialog.h;
			refType = 2;
			sourceTree = SOURCE_ROOT;
		};
		AA95A42C0815CD1A001BF965 = {
			explicitFileType = sourcecode.c;
			fileEncoding = 4;
			isa = PBXFileReference;
			path = open_dialog.c;
			refType = 2;
			sourceTree = SOURCE_ROOT;
		};
		AA95A42D0815CD1A001BF965 = {
			fileRef = AA95A42B0815CD1A001BF965;
			isa = PBXBuildFile;
			settings = {
			};
		};
		AA95A42E0815CD1A001BF965 = {
			fileRef = AA95A42C0815CD1A001BF965;
			isa = PBXBuildFile;
			settings = {
			};
		};
		AA9ACF7D08061D9D0028BFCC = {
			isa = PBXFileReference;
			lastKnownFileType = image.icns;
			path = "muse-icon.icns";
			refType = 4;
			sourceTree = "<group>";
		};
		AA9ACF7E08061D9D0028BFCC = {
			fileRef = AA9ACF7D08061D9D0028BFCC;
			isa = PBXBuildFile;
			settings = {
			};
		};
		AAD742D50815D4240040BA64 = {
			isa = PBXFileReference;
			lastKnownFileType = archive.ar;
			name = libsndfile.a;
			path = /sw/lib/libsndfile.a;
			refType = 0;
			sourceTree = "<absolute>";
		};
		AAD742D60815D4240040BA64 = {
			fileRef = AAD742D50815D4240040BA64;
			isa = PBXBuildFile;
			settings = {
			};
		};
		AAD742D70815D4360040BA64 = {
			isa = PBXFileReference;
			lastKnownFileType = archive.ar;
			name = libvorbisfile.a;
			path = /sw/lib/libvorbisfile.a;
			refType = 0;
			sourceTree = "<absolute>";
		};
		AAD742D80815D4360040BA64 = {
			isa = PBXFileReference;
			lastKnownFileType = archive.ar;
			name = libvorbisenc.a;
			path = /sw/lib/libvorbisenc.a;
			refType = 0;
			sourceTree = "<absolute>";
		};
		AAD742D90815D4360040BA64 = {
			isa = PBXFileReference;
			lastKnownFileType = archive.ar;
			name = libvorbis.a;
			path = /sw/lib/libvorbis.a;
			refType = 0;
			sourceTree = "<absolute>";
		};
		AAD742DA0815D4360040BA64 = {
			fileRef = AAD742D70815D4360040BA64;
			isa = PBXBuildFile;
			settings = {
			};
		};
		AAD742DB0815D4360040BA64 = {
			fileRef = AAD742D80815D4360040BA64;
			isa = PBXBuildFile;
			settings = {
			};
		};
		AAD742DC0815D4360040BA64 = {
			fileRef = AAD742D90815D4360040BA64;
			isa = PBXBuildFile;
			settings = {
			};
		};
		AAD743F70815D49F0040BA64 = {
			isa = PBXFileReference;
			lastKnownFileType = archive.ar;
			name = libmp3lame.a;
			path = /sw/lib/libmp3lame.a;
			refType = 0;
			sourceTree = "<absolute>";
		};
		AAD743F80815D49F0040BA64 = {
			fileRef = AAD743F70815D49F0040BA64;
			isa = PBXBuildFile;
			settings = {
			};
		};
		AAD743FB0815D4E00040BA64 = {
			isa = PBXFileReference;
			lastKnownFileType = archive.ar;
			name = libogg.a;
			path = /sw/lib/libogg.a;
			refType = 0;
			sourceTree = "<absolute>";
		};
		AAD743FC0815D4E00040BA64 = {
			fileRef = AAD743FB0815D4E00040BA64;
			isa = PBXBuildFile;
			settings = {
			};
		};
		AAD744010815D5700040BA64 = {
			isa = PBXFileReference;
			lastKnownFileType = wrapper.framework;
			name = CoreAudio.framework;
			path = /System/Library/Frameworks/CoreAudio.framework;
			refType = 0;
			sourceTree = "<absolute>";
		};
		AAD744020815D5700040BA64 = {
			fileRef = AAD744010815D5700040BA64;
			isa = PBXBuildFile;
			settings = {
			};
		};
		AAD7440E0815D5780040BA64 = {
			isa = PBXFileReference;
			lastKnownFileType = wrapper.framework;
			name = AudioToolbox.framework;
			path = /System/Library/Frameworks/AudioToolbox.framework;
			refType = 0;
			sourceTree = "<absolute>";
		};
		AAD7440F0815D5780040BA64 = {
			fileRef = AAD7440E0815D5780040BA64;
			isa = PBXBuildFile;
			settings = {
			};
		};
		AAE1A7A2080BE8CA009E0F00 = {
			fileEncoding = 4;
			isa = PBXFileReference;
			lastKnownFileType = sourcecode.c.h;
			path = stream_server.h;
			refType = 4;
			sourceTree = "<group>";
		};
		AAE1A7A3080BE8CA009E0F00 = {
			fileEncoding = 4;
			isa = PBXFileReference;
			lastKnownFileType = sourcecode.cpp.cpp;
			path = stream_server.cpp;
			refType = 4;
			sourceTree = "<group>";
		};
		AAE1A7A4080BE8CA009E0F00 = {
			fileRef = AAE1A7A2080BE8CA009E0F00;
			isa = PBXBuildFile;
			settings = {
			};
		};
		AAE1A7A5080BE8CA009E0F00 = {
			fileRef = AAE1A7A3080BE8CA009E0F00;
			isa = PBXBuildFile;
			settings = {
			};
		};
		AAE5AE8408069517006FA613 = {
			fileEncoding = 4;
			isa = PBXFileReference;
			lastKnownFileType = sourcecode.c.h;
			path = carbon_common.h;
			refType = 4;
			sourceTree = "<group>";
		};
		AAE5AE8508069517006FA613 = {
			fileRef = AAE5AE8408069517006FA613;
			isa = PBXBuildFile;
			settings = {
			};
		};
		AAECECDC08021710004C1C3F = {
			explicitFileType = wrapper.application;
			includeInIndex = 0;
			isa = PBXFileReference;
			path = "muse-osx.app";
			refType = 3;
			sourceTree = BUILT_PRODUCTS_DIR;
		};
	};
	rootObject = 20286C28FDCF999611CA2CEA;
}
